// !$*UTF8*$!
{
	archiveVersion = 1;
	classes = {
	};
	objectVersion = 56;
	objects = {

/* Begin PBXBuildFile section */
		BBE054492B80747C00C4C60A /* DevoteApp.swift in Sources */ = {isa = PBXBuildFile; fileRef = BBE054482B80747C00C4C60A /* DevoteApp.swift */; };
		BBE0544B2B80747C00C4C60A /* ContentView.swift in Sources */ = {isa = PBXBuildFile; fileRef = BBE0544A2B80747C00C4C60A /* ContentView.swift */; };
		BBE0544D2B80748000C4C60A /* Assets.xcassets in Resources */ = {isa = PBXBuildFile; fileRef = BBE0544C2B80748000C4C60A /* Assets.xcassets */; };
		BBE054502B80748000C4C60A /* Preview Assets.xcassets in Resources */ = {isa = PBXBuildFile; fileRef = BBE0544F2B80748000C4C60A /* Preview Assets.xcassets */; };
		BBE054522B80748000C4C60A /* Persistence.swift in Sources */ = {isa = PBXBuildFile; fileRef = BBE054512B80748000C4C60A /* Persistence.swift */; };
		BBE054552B80748000C4C60A /* Devote.xcdatamodeld in Sources */ = {isa = PBXBuildFile; fileRef = BBE054532B80748000C4C60A /* Devote.xcdatamodeld */; };
		BBEF0C0A2B887BE400D34845 /* Constant.swift in Sources */ = {isa = PBXBuildFile; fileRef = BBEF0C092B887BE400D34845 /* Constant.swift */; };
		C56618DC2BA17EA600736914 /* SoundPlayer.swift in Sources */ = {isa = PBXBuildFile; fileRef = C56618DB2BA17EA600736914 /* SoundPlayer.swift */; };
		C56618E42BA31FA400736914 /* WidgetKit.framework in Frameworks */ = {isa = PBXBuildFile; fileRef = C56618E32BA31FA300736914 /* WidgetKit.framework */; };
		C56618E62BA31FA400736914 /* SwiftUI.framework in Frameworks */ = {isa = PBXBuildFile; fileRef = C56618E52BA31FA400736914 /* SwiftUI.framework */; };
		C56618E92BA31FA400736914 /* DevoteWidgetBundle.swift in Sources */ = {isa = PBXBuildFile; fileRef = C56618E82BA31FA400736914 /* DevoteWidgetBundle.swift */; };
		C56618EB2BA31FA400736914 /* DevoteWidgetLiveActivity.swift in Sources */ = {isa = PBXBuildFile; fileRef = C56618EA2BA31FA400736914 /* DevoteWidgetLiveActivity.swift */; };
		C56618ED2BA31FA400736914 /* DevoteWidget.swift in Sources */ = {isa = PBXBuildFile; fileRef = C56618EC2BA31FA400736914 /* DevoteWidget.swift */; };
		C56618EF2BA31FA600736914 /* Assets.xcassets in Resources */ = {isa = PBXBuildFile; fileRef = C56618EE2BA31FA600736914 /* Assets.xcassets */; };
		C56618F32BA31FA600736914 /* DevoteWidgetExtension.appex in Embed Foundation Extensions */ = {isa = PBXBuildFile; fileRef = C56618E12BA31FA300736914 /* DevoteWidgetExtension.appex */; settings = {ATTRIBUTES = (RemoveHeadersOnCopy, ); }; };
		C58110F52B8223DA00C3BA33 /* sound-rise.mp3 in Resources */ = {isa = PBXBuildFile; fileRef = C58110F42B8223D900C3BA33 /* sound-rise.mp3 */; };
		C58110F92B82240400C3BA33 /* sound-ding.mp3 in Resources */ = {isa = PBXBuildFile; fileRef = C58110F62B82240400C3BA33 /* sound-ding.mp3 */; };
		C58110FB2B82240400C3BA33 /* sound-tap.mp3 in Resources */ = {isa = PBXBuildFile; fileRef = C58110F82B82240400C3BA33 /* sound-tap.mp3 */; };
		C58111042B8A769700C3BA33 /* HideKeyboardExtension.swift in Sources */ = {isa = PBXBuildFile; fileRef = C58111032B8A769600C3BA33 /* HideKeyboardExtension.swift */; };
		C58111072B8AD9B100C3BA33 /* BackgroundImageView.swift in Sources */ = {isa = PBXBuildFile; fileRef = C58111062B8AD9B100C3BA33 /* BackgroundImageView.swift */; };
		C58111092B8C5F8A00C3BA33 /* NewTaskItemView.swift in Sources */ = {isa = PBXBuildFile; fileRef = C58111082B8C5F8A00C3BA33 /* NewTaskItemView.swift */; };
		C581110B2B8F0F8800C3BA33 /* BlankView.swift in Sources */ = {isa = PBXBuildFile; fileRef = C581110A2B8F0F8800C3BA33 /* BlankView.swift */; };
		C581110F2B981BDD00C3BA33 /* ListRowItemView.swift in Sources */ = {isa = PBXBuildFile; fileRef = C581110E2B981BDD00C3BA33 /* ListRowItemView.swift */; };
		C58111122B98281800C3BA33 /* CheckboxStyle.swift in Sources */ = {isa = PBXBuildFile; fileRef = C58111112B98281800C3BA33 /* CheckboxStyle.swift */; };
/* End PBXBuildFile section */

/* Begin PBXContainerItemProxy section */
		C56618F12BA31FA600736914 /* PBXContainerItemProxy */ = {
			isa = PBXContainerItemProxy;
			containerPortal = BBE0543D2B80747C00C4C60A /* Project object */;
			proxyType = 1;
			remoteGlobalIDString = C56618E02BA31FA300736914;
			remoteInfo = DevoteWidgetExtension;
		};
/* End PBXContainerItemProxy section */

/* Begin PBXCopyFilesBuildPhase section */
		C56618F72BA31FA600736914 /* Embed Foundation Extensions */ = {
			isa = PBXCopyFilesBuildPhase;
			buildActionMask = 2147483647;
			dstPath = "";
			dstSubfolderSpec = 13;
			files = (
				C56618F32BA31FA600736914 /* DevoteWidgetExtension.appex in Embed Foundation Extensions */,
			);
			name = "Embed Foundation Extensions";
			runOnlyForDeploymentPostprocessing = 0;
		};
/* End PBXCopyFilesBuildPhase section */

/* Begin PBXFileReference section */
		BBE054452B80747C00C4C60A /* Devote.app */ = {isa = PBXFileReference; explicitFileType = wrapper.application; includeInIndex = 0; path = Devote.app; sourceTree = BUILT_PRODUCTS_DIR; };
		BBE054482B80747C00C4C60A /* DevoteApp.swift */ = {isa = PBXFileReference; lastKnownFileType = sourcecode.swift; path = DevoteApp.swift; sourceTree = "<group>"; };
		BBE0544A2B80747C00C4C60A /* ContentView.swift */ = {isa = PBXFileReference; lastKnownFileType = sourcecode.swift; path = ContentView.swift; sourceTree = "<group>"; };
		BBE0544C2B80748000C4C60A /* Assets.xcassets */ = {isa = PBXFileReference; lastKnownFileType = folder.assetcatalog; path = Assets.xcassets; sourceTree = "<group>"; };
		BBE0544F2B80748000C4C60A /* Preview Assets.xcassets */ = {isa = PBXFileReference; lastKnownFileType = folder.assetcatalog; path = "Preview Assets.xcassets"; sourceTree = "<group>"; };
		BBE054512B80748000C4C60A /* Persistence.swift */ = {isa = PBXFileReference; lastKnownFileType = sourcecode.swift; path = Persistence.swift; sourceTree = "<group>"; };
		BBE054542B80748000C4C60A /* Devote.xcdatamodel */ = {isa = PBXFileReference; lastKnownFileType = wrapper.xcdatamodel; path = Devote.xcdatamodel; sourceTree = "<group>"; };
		BBEF0C092B887BE400D34845 /* Constant.swift */ = {isa = PBXFileReference; lastKnownFileType = sourcecode.swift; path = Constant.swift; sourceTree = "<group>"; };
		C56618DB2BA17EA600736914 /* SoundPlayer.swift */ = {isa = PBXFileReference; lastKnownFileType = sourcecode.swift; path = SoundPlayer.swift; sourceTree = "<group>"; };
		C56618E12BA31FA300736914 /* DevoteWidgetExtension.appex */ = {isa = PBXFileReference; explicitFileType = "wrapper.app-extension"; includeInIndex = 0; path = DevoteWidgetExtension.appex; sourceTree = BUILT_PRODUCTS_DIR; };
		C56618E32BA31FA300736914 /* WidgetKit.framework */ = {isa = PBXFileReference; lastKnownFileType = wrapper.framework; name = WidgetKit.framework; path = System/Library/Frameworks/WidgetKit.framework; sourceTree = SDKROOT; };
		C56618E52BA31FA400736914 /* SwiftUI.framework */ = {isa = PBXFileReference; lastKnownFileType = wrapper.framework; name = SwiftUI.framework; path = System/Library/Frameworks/SwiftUI.framework; sourceTree = SDKROOT; };
		C56618E82BA31FA400736914 /* DevoteWidgetBundle.swift */ = {isa = PBXFileReference; lastKnownFileType = sourcecode.swift; path = DevoteWidgetBundle.swift; sourceTree = "<group>"; };
		C56618EA2BA31FA400736914 /* DevoteWidgetLiveActivity.swift */ = {isa = PBXFileReference; lastKnownFileType = sourcecode.swift; path = DevoteWidgetLiveActivity.swift; sourceTree = "<group>"; };
		C56618EC2BA31FA400736914 /* DevoteWidget.swift */ = {isa = PBXFileReference; lastKnownFileType = sourcecode.swift; path = DevoteWidget.swift; sourceTree = "<group>"; };
		C56618EE2BA31FA600736914 /* Assets.xcassets */ = {isa = PBXFileReference; lastKnownFileType = folder.assetcatalog; path = Assets.xcassets; sourceTree = "<group>"; };
		C56618F02BA31FA600736914 /* Info.plist */ = {isa = PBXFileReference; lastKnownFileType = text.plist.xml; path = Info.plist; sourceTree = "<group>"; };
		C58110F42B8223D900C3BA33 /* sound-rise.mp3 */ = {isa = PBXFileReference; lastKnownFileType = audio.mp3; path = "sound-rise.mp3"; sourceTree = "<group>"; };
		C58110F62B82240400C3BA33 /* sound-ding.mp3 */ = {isa = PBXFileReference; lastKnownFileType = audio.mp3; path = "sound-ding.mp3"; sourceTree = "<group>"; };
		C58110F82B82240400C3BA33 /* sound-tap.mp3 */ = {isa = PBXFileReference; lastKnownFileType = audio.mp3; path = "sound-tap.mp3"; sourceTree = "<group>"; };
		C58111022B8348E400C3BA33 /* Info.plist */ = {isa = PBXFileReference; lastKnownFileType = text.plist; path = Info.plist; sourceTree = "<group>"; };
		C58111032B8A769600C3BA33 /* HideKeyboardExtension.swift */ = {isa = PBXFileReference; lastKnownFileType = sourcecode.swift; path = HideKeyboardExtension.swift; sourceTree = "<group>"; };
		C58111062B8AD9B100C3BA33 /* BackgroundImageView.swift */ = {isa = PBXFileReference; lastKnownFileType = sourcecode.swift; path = BackgroundImageView.swift; sourceTree = "<group>"; };
		C58111082B8C5F8A00C3BA33 /* NewTaskItemView.swift */ = {isa = PBXFileReference; lastKnownFileType = sourcecode.swift; path = NewTaskItemView.swift; sourceTree = "<group>"; };
		C581110A2B8F0F8800C3BA33 /* BlankView.swift */ = {isa = PBXFileReference; lastKnownFileType = sourcecode.swift; path = BlankView.swift; sourceTree = "<group>"; };
		C581110E2B981BDD00C3BA33 /* ListRowItemView.swift */ = {isa = PBXFileReference; lastKnownFileType = sourcecode.swift; path = ListRowItemView.swift; sourceTree = "<group>"; };
		C58111112B98281800C3BA33 /* CheckboxStyle.swift */ = {isa = PBXFileReference; lastKnownFileType = sourcecode.swift; path = CheckboxStyle.swift; sourceTree = "<group>"; };
/* End PBXFileReference section */

/* Begin PBXFrameworksBuildPhase section */
		BBE054422B80747C00C4C60A /* Frameworks */ = {
			isa = PBXFrameworksBuildPhase;
			buildActionMask = 2147483647;
			files = (
			);
			runOnlyForDeploymentPostprocessing = 0;
		};
		C56618DE2BA31FA300736914 /* Frameworks */ = {
			isa = PBXFrameworksBuildPhase;
			buildActionMask = 2147483647;
			files = (
				C56618E62BA31FA400736914 /* SwiftUI.framework in Frameworks */,
				C56618E42BA31FA400736914 /* WidgetKit.framework in Frameworks */,
			);
			runOnlyForDeploymentPostprocessing = 0;
		};
/* End PBXFrameworksBuildPhase section */

/* Begin PBXGroup section */
		BBE0543C2B80747C00C4C60A = {
			isa = PBXGroup;
			children = (
				BBE054472B80747C00C4C60A /* Devote */,
				C56618E72BA31FA400736914 /* DevoteWidget */,
				C56618E22BA31FA300736914 /* Frameworks */,
				BBE054462B80747C00C4C60A /* Products */,
			);
			sourceTree = "<group>";
		};
		BBE054462B80747C00C4C60A /* Products */ = {
			isa = PBXGroup;
			children = (
				BBE054452B80747C00C4C60A /* Devote.app */,
				C56618E12BA31FA300736914 /* DevoteWidgetExtension.appex */,
			);
			name = Products;
			sourceTree = "<group>";
		};
		BBE054472B80747C00C4C60A /* Devote */ = {
			isa = PBXGroup;
			children = (
				C58111022B8348E400C3BA33 /* Info.plist */,
				BBE0544C2B80748000C4C60A /* Assets.xcassets */,
				BBE054482B80747C00C4C60A /* DevoteApp.swift */,
				C58110FD2B82250E00C3BA33 /* View */,
				C58111012B8225F500C3BA33 /* Model */,
				C58111102B98276900C3BA33 /* Style */,
				C58110FC2B8224EC00C3BA33 /* Sound */,
				BBE0544E2B80748000C4C60A /* Preview Content */,
				BBEF0C0B2B887BF000D34845 /* Utility */,
				C58111052B8A76B600C3BA33 /* Extension */,
			);
			path = Devote;
			sourceTree = "<group>";
		};
		BBE0544E2B80748000C4C60A /* Preview Content */ = {
			isa = PBXGroup;
			children = (
				BBE0544F2B80748000C4C60A /* Preview Assets.xcassets */,
			);
			path = "Preview Content";
			sourceTree = "<group>";
		};
		BBEF0C0B2B887BF000D34845 /* Utility */ = {
			isa = PBXGroup;
			children = (
				BBEF0C092B887BE400D34845 /* Constant.swift */,
				C56618DB2BA17EA600736914 /* SoundPlayer.swift */,
			);
			path = Utility;
			sourceTree = "<group>";
		};
		C56618E22BA31FA300736914 /* Frameworks */ = {
			isa = PBXGroup;
			children = (
				C56618E32BA31FA300736914 /* WidgetKit.framework */,
				C56618E52BA31FA400736914 /* SwiftUI.framework */,
			);
			name = Frameworks;
			sourceTree = "<group>";
		};
		C56618E72BA31FA400736914 /* DevoteWidget */ = {
			isa = PBXGroup;
			children = (
				C56618E82BA31FA400736914 /* DevoteWidgetBundle.swift */,
				C56618EA2BA31FA400736914 /* DevoteWidgetLiveActivity.swift */,
				C56618EC2BA31FA400736914 /* DevoteWidget.swift */,
				C56618EE2BA31FA600736914 /* Assets.xcassets */,
				C56618F02BA31FA600736914 /* Info.plist */,
			);
			path = DevoteWidget;
			sourceTree = "<group>";
		};
		C58110FC2B8224EC00C3BA33 /* Sound */ = {
			isa = PBXGroup;
			children = (
				C58110F42B8223D900C3BA33 /* sound-rise.mp3 */,
				C58110F62B82240400C3BA33 /* sound-ding.mp3 */,
				C58110F82B82240400C3BA33 /* sound-tap.mp3 */,
			);
			path = Sound;
			sourceTree = "<group>";
		};
		C58110FD2B82250E00C3BA33 /* View */ = {
			isa = PBXGroup;
			children = (
				BBE0544A2B80747C00C4C60A /* ContentView.swift */,
				C58111062B8AD9B100C3BA33 /* BackgroundImageView.swift */,
				C58111082B8C5F8A00C3BA33 /* NewTaskItemView.swift */,
				C581110A2B8F0F8800C3BA33 /* BlankView.swift */,
				C581110E2B981BDD00C3BA33 /* ListRowItemView.swift */,
			);
			path = View;
			sourceTree = "<group>";
		};
		C58111012B8225F500C3BA33 /* Model */ = {
			isa = PBXGroup;
			children = (
				BBE054512B80748000C4C60A /* Persistence.swift */,
				BBE054532B80748000C4C60A /* Devote.xcdatamodeld */,
			);
			path = Model;
			sourceTree = "<group>";
		};
		C58111052B8A76B600C3BA33 /* Extension */ = {
			isa = PBXGroup;
			children = (
				C58111032B8A769600C3BA33 /* HideKeyboardExtension.swift */,
			);
			path = Extension;
			sourceTree = "<group>";
		};
		C58111102B98276900C3BA33 /* Style */ = {
			isa = PBXGroup;
			children = (
				C58111112B98281800C3BA33 /* CheckboxStyle.swift */,
			);
			path = Style;
			sourceTree = "<group>";
		};
/* End PBXGroup section */

/* Begin PBXNativeTarget section */
		BBE054442B80747C00C4C60A /* Devote */ = {
			isa = PBXNativeTarget;
			buildConfigurationList = BBE054582B80748000C4C60A /* Build configuration list for PBXNativeTarget "Devote" */;
			buildPhases = (
				BBE054412B80747C00C4C60A /* Sources */,
				BBE054422B80747C00C4C60A /* Frameworks */,
				BBE054432B80747C00C4C60A /* Resources */,
				C56618F72BA31FA600736914 /* Embed Foundation Extensions */,
			);
			buildRules = (
			);
			dependencies = (
				C56618F22BA31FA600736914 /* PBXTargetDependency */,
			);
			name = Devote;
			productName = Devote;
			productReference = BBE054452B80747C00C4C60A /* Devote.app */;
			productType = "com.apple.product-type.application";
		};
		C56618E02BA31FA300736914 /* DevoteWidgetExtension */ = {
			isa = PBXNativeTarget;
			buildConfigurationList = C56618F42BA31FA600736914 /* Build configuration list for PBXNativeTarget "DevoteWidgetExtension" */;
			buildPhases = (
				C56618DD2BA31FA300736914 /* Sources */,
				C56618DE2BA31FA300736914 /* Frameworks */,
				C56618DF2BA31FA300736914 /* Resources */,
			);
			buildRules = (
			);
			dependencies = (
			);
			name = DevoteWidgetExtension;
			productName = DevoteWidgetExtension;
			productReference = C56618E12BA31FA300736914 /* DevoteWidgetExtension.appex */;
			productType = "com.apple.product-type.app-extension";
		};
/* End PBXNativeTarget section */

/* Begin PBXProject section */
		BBE0543D2B80747C00C4C60A /* Project object */ = {
			isa = PBXProject;
			attributes = {
				BuildIndependentTargetsInParallel = 1;
				LastSwiftUpdateCheck = 1530;
				LastUpgradeCheck = 1520;
				TargetAttributes = {
					BBE054442B80747C00C4C60A = {
						CreatedOnToolsVersion = 15.2;
					};
					C56618E02BA31FA300736914 = {
						CreatedOnToolsVersion = 15.3;
					};
				};
			};
			buildConfigurationList = BBE054402B80747C00C4C60A /* Build configuration list for PBXProject "Devote" */;
			compatibilityVersion = "Xcode 14.0";
			developmentRegion = en;
			hasScannedForEncodings = 0;
			knownRegions = (
				en,
				Base,
			);
			mainGroup = BBE0543C2B80747C00C4C60A;
			productRefGroup = BBE054462B80747C00C4C60A /* Products */;
			projectDirPath = "";
			projectRoot = "";
			targets = (
				BBE054442B80747C00C4C60A /* Devote */,
				C56618E02BA31FA300736914 /* DevoteWidgetExtension */,
			);
		};
/* End PBXProject section */

/* Begin PBXResourcesBuildPhase section */
		BBE054432B80747C00C4C60A /* Resources */ = {
			isa = PBXResourcesBuildPhase;
			buildActionMask = 2147483647;
			files = (
				C58110FB2B82240400C3BA33 /* sound-tap.mp3 in Resources */,
				C58110F92B82240400C3BA33 /* sound-ding.mp3 in Resources */,
				C58110F52B8223DA00C3BA33 /* sound-rise.mp3 in Resources */,
				BBE054502B80748000C4C60A /* Preview Assets.xcassets in Resources */,
				BBE0544D2B80748000C4C60A /* Assets.xcassets in Resources */,
			);
			runOnlyForDeploymentPostprocessing = 0;
		};
		C56618DF2BA31FA300736914 /* Resources */ = {
			isa = PBXResourcesBuildPhase;
			buildActionMask = 2147483647;
			files = (
				C56618EF2BA31FA600736914 /* Assets.xcassets in Resources */,
			);
			runOnlyForDeploymentPostprocessing = 0;
		};
/* End PBXResourcesBuildPhase section */

/* Begin PBXSourcesBuildPhase section */
		BBE054412B80747C00C4C60A /* Sources */ = {
			isa = PBXSourcesBuildPhase;
			buildActionMask = 2147483647;
			files = (
				BBE054522B80748000C4C60A /* Persistence.swift in Sources */,
				C58111072B8AD9B100C3BA33 /* BackgroundImageView.swift in Sources */,
				BBE0544B2B80747C00C4C60A /* ContentView.swift in Sources */,
				C58111042B8A769700C3BA33 /* HideKeyboardExtension.swift in Sources */,
				C581110B2B8F0F8800C3BA33 /* BlankView.swift in Sources */,
				BBEF0C0A2B887BE400D34845 /* Constant.swift in Sources */,
				C581110F2B981BDD00C3BA33 /* ListRowItemView.swift in Sources */,
				BBE054552B80748000C4C60A /* Devote.xcdatamodeld in Sources */,
				BBE054492B80747C00C4C60A /* DevoteApp.swift in Sources */,
				C58111122B98281800C3BA33 /* CheckboxStyle.swift in Sources */,
				C56618DC2BA17EA600736914 /* SoundPlayer.swift in Sources */,
				C58111092B8C5F8A00C3BA33 /* NewTaskItemView.swift in Sources */,
			);
			runOnlyForDeploymentPostprocessing = 0;
		};
		C56618DD2BA31FA300736914 /* Sources */ = {
			isa = PBXSourcesBuildPhase;
			buildActionMask = 2147483647;
			files = (
				C56618ED2BA31FA400736914 /* DevoteWidget.swift in Sources */,
				C56618E92BA31FA400736914 /* DevoteWidgetBundle.swift in Sources */,
				C56618EB2BA31FA400736914 /* DevoteWidgetLiveActivity.swift in Sources */,
			);
			runOnlyForDeploymentPostprocessing = 0;
		};
/* End PBXSourcesBuildPhase section */

/* Begin PBXTargetDependency section */
		C56618F22BA31FA600736914 /* PBXTargetDependency */ = {
			isa = PBXTargetDependency;
			target = C56618E02BA31FA300736914 /* DevoteWidgetExtension */;
			targetProxy = C56618F12BA31FA600736914 /* PBXContainerItemProxy */;
		};
/* End PBXTargetDependency section */

/* Begin XCBuildConfiguration section */
		BBE054562B80748000C4C60A /* Debug */ = {
			isa = XCBuildConfiguration;
			buildSettings = {
				ALWAYS_SEARCH_USER_PATHS = NO;
				ASSETCATALOG_COMPILER_GENERATE_SWIFT_ASSET_SYMBOL_EXTENSIONS = YES;
				CLANG_ANALYZER_NONNULL = YES;
				CLANG_ANALYZER_NUMBER_OBJECT_CONVERSION = YES_AGGRESSIVE;
				CLANG_CXX_LANGUAGE_STANDARD = "gnu++20";
				CLANG_ENABLE_MODULES = YES;
				CLANG_ENABLE_OBJC_ARC = YES;
				CLANG_ENABLE_OBJC_WEAK = YES;
				CLANG_WARN_BLOCK_CAPTURE_AUTORELEASING = YES;
				CLANG_WARN_BOOL_CONVERSION = YES;
				CLANG_WARN_COMMA = YES;
				CLANG_WARN_CONSTANT_CONVERSION = YES;
				CLANG_WARN_DEPRECATED_OBJC_IMPLEMENTATIONS = YES;
				CLANG_WARN_DIRECT_OBJC_ISA_USAGE = YES_ERROR;
				CLANG_WARN_DOCUMENTATION_COMMENTS = YES;
				CLANG_WARN_EMPTY_BODY = YES;
				CLANG_WARN_ENUM_CONVERSION = YES;
				CLANG_WARN_INFINITE_RECURSION = YES;
				CLANG_WARN_INT_CONVERSION = YES;
				CLANG_WARN_NON_LITERAL_NULL_CONVERSION = YES;
				CLANG_WARN_OBJC_IMPLICIT_RETAIN_SELF = YES;
				CLANG_WARN_OBJC_LITERAL_CONVERSION = YES;
				CLANG_WARN_OBJC_ROOT_CLASS = YES_ERROR;
				CLANG_WARN_QUOTED_INCLUDE_IN_FRAMEWORK_HEADER = YES;
				CLANG_WARN_RANGE_LOOP_ANALYSIS = YES;
				CLANG_WARN_STRICT_PROTOTYPES = YES;
				CLANG_WARN_SUSPICIOUS_MOVE = YES;
				CLANG_WARN_UNGUARDED_AVAILABILITY = YES_AGGRESSIVE;
				CLANG_WARN_UNREACHABLE_CODE = YES;
				CLANG_WARN__DUPLICATE_METHOD_MATCH = YES;
				COPY_PHASE_STRIP = NO;
				DEBUG_INFORMATION_FORMAT = dwarf;
				ENABLE_STRICT_OBJC_MSGSEND = YES;
				ENABLE_TESTABILITY = YES;
				ENABLE_USER_SCRIPT_SANDBOXING = YES;
				GCC_C_LANGUAGE_STANDARD = gnu17;
				GCC_DYNAMIC_NO_PIC = NO;
				GCC_NO_COMMON_BLOCKS = YES;
				GCC_OPTIMIZATION_LEVEL = 0;
				GCC_PREPROCESSOR_DEFINITIONS = (
					"DEBUG=1",
					"$(inherited)",
				);
				GCC_WARN_64_TO_32_BIT_CONVERSION = YES;
				GCC_WARN_ABOUT_RETURN_TYPE = YES_ERROR;
				GCC_WARN_UNDECLARED_SELECTOR = YES;
				GCC_WARN_UNINITIALIZED_AUTOS = YES_AGGRESSIVE;
				GCC_WARN_UNUSED_FUNCTION = YES;
				GCC_WARN_UNUSED_VARIABLE = YES;
				IPHONEOS_DEPLOYMENT_TARGET = 17.2;
				LOCALIZATION_PREFERS_STRING_CATALOGS = YES;
				MTL_ENABLE_DEBUG_INFO = INCLUDE_SOURCE;
				MTL_FAST_MATH = YES;
				ONLY_ACTIVE_ARCH = YES;
				SDKROOT = iphoneos;
				SWIFT_ACTIVE_COMPILATION_CONDITIONS = "DEBUG $(inherited)";
				SWIFT_OPTIMIZATION_LEVEL = "-Onone";
			};
			name = Debug;
		};
		BBE054572B80748000C4C60A /* Release */ = {
			isa = XCBuildConfiguration;
			buildSettings = {
				ALWAYS_SEARCH_USER_PATHS = NO;
				ASSETCATALOG_COMPILER_GENERATE_SWIFT_ASSET_SYMBOL_EXTENSIONS = YES;
				CLANG_ANALYZER_NONNULL = YES;
				CLANG_ANALYZER_NUMBER_OBJECT_CONVERSION = YES_AGGRESSIVE;
				CLANG_CXX_LANGUAGE_STANDARD = "gnu++20";
				CLANG_ENABLE_MODULES = YES;
				CLANG_ENABLE_OBJC_ARC = YES;
				CLANG_ENABLE_OBJC_WEAK = YES;
				CLANG_WARN_BLOCK_CAPTURE_AUTORELEASING = YES;
				CLANG_WARN_BOOL_CONVERSION = YES;
				CLANG_WARN_COMMA = YES;
				CLANG_WARN_CONSTANT_CONVERSION = YES;
				CLANG_WARN_DEPRECATED_OBJC_IMPLEMENTATIONS = YES;
				CLANG_WARN_DIRECT_OBJC_ISA_USAGE = YES_ERROR;
				CLANG_WARN_DOCUMENTATION_COMMENTS = YES;
				CLANG_WARN_EMPTY_BODY = YES;
				CLANG_WARN_ENUM_CONVERSION = YES;
				CLANG_WARN_INFINITE_RECURSION = YES;
				CLANG_WARN_INT_CONVERSION = YES;
				CLANG_WARN_NON_LITERAL_NULL_CONVERSION = YES;
				CLANG_WARN_OBJC_IMPLICIT_RETAIN_SELF = YES;
				CLANG_WARN_OBJC_LITERAL_CONVERSION = YES;
				CLANG_WARN_OBJC_ROOT_CLASS = YES_ERROR;
				CLANG_WARN_QUOTED_INCLUDE_IN_FRAMEWORK_HEADER = YES;
				CLANG_WARN_RANGE_LOOP_ANALYSIS = YES;
				CLANG_WARN_STRICT_PROTOTYPES = YES;
				CLANG_WARN_SUSPICIOUS_MOVE = YES;
				CLANG_WARN_UNGUARDED_AVAILABILITY = YES_AGGRESSIVE;
				CLANG_WARN_UNREACHABLE_CODE = YES;
				CLANG_WARN__DUPLICATE_METHOD_MATCH = YES;
				COPY_PHASE_STRIP = NO;
				DEBUG_INFORMATION_FORMAT = "dwarf-with-dsym";
				ENABLE_NS_ASSERTIONS = NO;
				ENABLE_STRICT_OBJC_MSGSEND = YES;
				ENABLE_USER_SCRIPT_SANDBOXING = YES;
				GCC_C_LANGUAGE_STANDARD = gnu17;
				GCC_NO_COMMON_BLOCKS = YES;
				GCC_WARN_64_TO_32_BIT_CONVERSION = YES;
				GCC_WARN_ABOUT_RETURN_TYPE = YES_ERROR;
				GCC_WARN_UNDECLARED_SELECTOR = YES;
				GCC_WARN_UNINITIALIZED_AUTOS = YES_AGGRESSIVE;
				GCC_WARN_UNUSED_FUNCTION = YES;
				GCC_WARN_UNUSED_VARIABLE = YES;
				IPHONEOS_DEPLOYMENT_TARGET = 17.2;
				LOCALIZATION_PREFERS_STRING_CATALOGS = YES;
				MTL_ENABLE_DEBUG_INFO = NO;
				MTL_FAST_MATH = YES;
				SDKROOT = iphoneos;
				SWIFT_COMPILATION_MODE = wholemodule;
				VALIDATE_PRODUCT = YES;
			};
			name = Release;
		};
		BBE054592B80748000C4C60A /* Debug */ = {
			isa = XCBuildConfiguration;
			buildSettings = {
				ALWAYS_EMBED_SWIFT_STANDARD_LIBRARIES = YES;
				ASSETCATALOG_COMPILER_APPICON_NAME = AppIcon;
				ASSETCATALOG_COMPILER_GLOBAL_ACCENT_COLOR_NAME = AccentColor;
				CODE_SIGN_STYLE = Automatic;
				CURRENT_PROJECT_VERSION = 1;
				DEVELOPMENT_ASSET_PATHS = "\"Devote/Preview Content\"";
				DEVELOPMENT_TEAM = 25M8T65BNY;
				ENABLE_PREVIEWS = YES;
				GENERATE_INFOPLIST_FILE = YES;
				INFOPLIST_FILE = Devote/Info.plist;
				INFOPLIST_KEY_UIApplicationSceneManifest_Generation = YES;
				INFOPLIST_KEY_UIApplicationSupportsIndirectInputEvents = YES;
				INFOPLIST_KEY_UISupportedInterfaceOrientations = UIInterfaceOrientationPortrait;
				INFOPLIST_KEY_UISupportedInterfaceOrientations_iPad = "UIInterfaceOrientationPortrait UIInterfaceOrientationPortraitUpsideDown";
				LD_RUNPATH_SEARCH_PATHS = (
					"$(inherited)",
					"@executable_path/Frameworks",
				);
				MARKETING_VERSION = 1.0;
				PRODUCT_BUNDLE_IDENTIFIER = com.kwesbot.Devote;
				PRODUCT_NAME = "$(TARGET_NAME)";
				SWIFT_EMIT_LOC_STRINGS = YES;
				SWIFT_VERSION = 5.0;
				TARGETED_DEVICE_FAMILY = "1,2";
			};
			name = Debug;
		};
		BBE0545A2B80748000C4C60A /* Release */ = {
			isa = XCBuildConfiguration;
			buildSettings = {
				ALWAYS_EMBED_SWIFT_STANDARD_LIBRARIES = YES;
				ASSETCATALOG_COMPILER_APPICON_NAME = AppIcon;
				ASSETCATALOG_COMPILER_GLOBAL_ACCENT_COLOR_NAME = AccentColor;
				CODE_SIGN_STYLE = Automatic;
				CURRENT_PROJECT_VERSION = 1;
				DEVELOPMENT_ASSET_PATHS = "\"Devote/Preview Content\"";
				DEVELOPMENT_TEAM = 25M8T65BNY;
				ENABLE_PREVIEWS = YES;
				GENERATE_INFOPLIST_FILE = YES;
				INFOPLIST_FILE = Devote/Info.plist;
				INFOPLIST_KEY_UIApplicationSceneManifest_Generation = YES;
				INFOPLIST_KEY_UIApplicationSupportsIndirectInputEvents = YES;
				INFOPLIST_KEY_UISupportedInterfaceOrientations = UIInterfaceOrientationPortrait;
				INFOPLIST_KEY_UISupportedInterfaceOrientations_iPad = "UIInterfaceOrientationPortrait UIInterfaceOrientationPortraitUpsideDown";
				LD_RUNPATH_SEARCH_PATHS = (
					"$(inherited)",
					"@executable_path/Frameworks",
				);
				MARKETING_VERSION = 1.0;
				PRODUCT_BUNDLE_IDENTIFIER = com.kwesbot.Devote;
				PRODUCT_NAME = "$(TARGET_NAME)";
				SWIFT_EMIT_LOC_STRINGS = YES;
				SWIFT_VERSION = 5.0;
				TARGETED_DEVICE_FAMILY = "1,2";
			};
			name = Release;
		};
		C56618F52BA31FA600736914 /* Debug */ = {
			isa = XCBuildConfiguration;
			buildSettings = {
				ASSETCATALOG_COMPILER_GLOBAL_ACCENT_COLOR_NAME = AccentColor;
				ASSETCATALOG_COMPILER_WIDGET_BACKGROUND_COLOR_NAME = WidgetBackground;
				CODE_SIGN_STYLE = Automatic;
				CURRENT_PROJECT_VERSION = 1;
				DEVELOPMENT_TEAM = 25M8T65BNY;
				GENERATE_INFOPLIST_FILE = YES;
				INFOPLIST_FILE = DevoteWidget/Info.plist;
				INFOPLIST_KEY_CFBundleDisplayName = DevoteWidget;
				INFOPLIST_KEY_NSHumanReadableCopyright = "";
				IPHONEOS_DEPLOYMENT_TARGET = 17.4;
				LD_RUNPATH_SEARCH_PATHS = (
					"$(inherited)",
					"@executable_path/Frameworks",
					"@executable_path/../../Frameworks",
				);
				MARKETING_VERSION = 1.0;
				PRODUCT_BUNDLE_IDENTIFIER = com.kwesbot.Devote.DevoteWidget;
				PRODUCT_NAME = "$(TARGET_NAME)";
				SKIP_INSTALL = YES;
				SWIFT_EMIT_LOC_STRINGS = YES;
				SWIFT_VERSION = 5.0;
				TARGETED_DEVICE_FAMILY = "1,2";
			};
			name = Debug;
		};
		C56618F62BA31FA600736914 /* Release */ = {
			isa = XCBuildConfiguration;
			buildSettings = {
				ASSETCATALOG_COMPILER_GLOBAL_ACCENT_COLOR_NAME = AccentColor;
				ASSETCATALOG_COMPILER_WIDGET_BACKGROUND_COLOR_NAME = WidgetBackground;
				CODE_SIGN_STYLE = Automatic;
				CURRENT_PROJECT_VERSION = 1;
				DEVELOPMENT_TEAM = 25M8T65BNY;
				GENERATE_INFOPLIST_FILE = YES;
				INFOPLIST_FILE = DevoteWidget/Info.plist;
				INFOPLIST_KEY_CFBundleDisplayName = DevoteWidget;
				INFOPLIST_KEY_NSHumanReadableCopyright = "";
				IPHONEOS_DEPLOYMENT_TARGET = 17.4;
				LD_RUNPATH_SEARCH_PATHS = (
					"$(inherited)",
					"@executable_path/Frameworks",
					"@executable_path/../../Frameworks",
				);
				MARKETING_VERSION = 1.0;
				PRODUCT_BUNDLE_IDENTIFIER = com.kwesbot.Devote.DevoteWidget;
				PRODUCT_NAME = "$(TARGET_NAME)";
				SKIP_INSTALL = YES;
				SWIFT_EMIT_LOC_STRINGS = YES;
				SWIFT_VERSION = 5.0;
				TARGETED_DEVICE_FAMILY = "1,2";
			};
			name = Release;
		};
/* End XCBuildConfiguration section */

/* Begin XCConfigurationList section */
		BBE054402B80747C00C4C60A /* Build configuration list for PBXProject "Devote" */ = {
			isa = XCConfigurationList;
			buildConfigurations = (
				BBE054562B80748000C4C60A /* Debug */,
				BBE054572B80748000C4C60A /* Release */,
			);
			defaultConfigurationIsVisible = 0;
			defaultConfigurationName = Release;
		};
		BBE054582B80748000C4C60A /* Build configuration list for PBXNativeTarget "Devote" */ = {
			isa = XCConfigurationList;
			buildConfigurations = (
				BBE054592B80748000C4C60A /* Debug */,
				BBE0545A2B80748000C4C60A /* Release */,
			);
			defaultConfigurationIsVisible = 0;
			defaultConfigurationName = Release;
		};
		C56618F42BA31FA600736914 /* Build configuration list for PBXNativeTarget "DevoteWidgetExtension" */ = {
			isa = XCConfigurationList;
			buildConfigurations = (
				C56618F52BA31FA600736914 /* Debug */,
				C56618F62BA31FA600736914 /* Release */,
			);
			defaultConfigurationIsVisible = 0;
			defaultConfigurationName = Release;
		};
/* End XCConfigurationList section */

/* Begin XCVersionGroup section */
		BBE054532B80748000C4C60A /* Devote.xcdatamodeld */ = {
			isa = XCVersionGroup;
			children = (
				BBE054542B80748000C4C60A /* Devote.xcdatamodel */,
			);
			currentVersion = BBE054542B80748000C4C60A /* Devote.xcdatamodel */;
			path = Devote.xcdatamodeld;
			sourceTree = "<group>";
			versionGroupType = wrapper.xcdatamodel;
		};
/* End XCVersionGroup section */
	};
	rootObject = BBE0543D2B80747C00C4C60A /* Project object */;
}
