// !$*UTF8*$!
{
	archiveVersion = 1;
	classes = {
	};
	objectVersion = 56;
	objects = {

/* Begin PBXBuildFile section */
		C58A26FE2B049DF0006A8438 /* AfricaApp.swift in Sources */ = {isa = PBXBuildFile; fileRef = C58A26FD2B049DF0006A8438 /* AfricaApp.swift */; };
		C58A27002B049DF0006A8438 /* ContentView.swift in Sources */ = {isa = PBXBuildFile; fileRef = C58A26FF2B049DF0006A8438 /* ContentView.swift */; };
		C58A27022B049DF2006A8438 /* Assets.xcassets in Resources */ = {isa = PBXBuildFile; fileRef = C58A27012B049DF2006A8438 /* Assets.xcassets */; };
		C58A27052B049DF2006A8438 /* Preview Assets.xcassets in Resources */ = {isa = PBXBuildFile; fileRef = C58A27042B049DF2006A8438 /* Preview Assets.xcassets */; };
		C58A27162B052487006A8438 /* lion.mp4 in Resources */ = {isa = PBXBuildFile; fileRef = C58A270C2B052487006A8438 /* lion.mp4 */; };
		C58A27172B052487006A8438 /* lioness.mp4 in Resources */ = {isa = PBXBuildFile; fileRef = C58A270D2B052487006A8438 /* lioness.mp4 */; };
		C58A27182B052487006A8438 /* ostrich.mp4 in Resources */ = {isa = PBXBuildFile; fileRef = C58A270E2B052487006A8438 /* ostrich.mp4 */; };
		C58A27192B052487006A8438 /* hippo.mp4 in Resources */ = {isa = PBXBuildFile; fileRef = C58A270F2B052487006A8438 /* hippo.mp4 */; };
		C58A271A2B052487006A8438 /* rhino.mp4 in Resources */ = {isa = PBXBuildFile; fileRef = C58A27102B052487006A8438 /* rhino.mp4 */; };
		C58A271B2B052487006A8438 /* zebra.mp4 in Resources */ = {isa = PBXBuildFile; fileRef = C58A27112B052487006A8438 /* zebra.mp4 */; };
		C58A271C2B052487006A8438 /* cheetah.mp4 in Resources */ = {isa = PBXBuildFile; fileRef = C58A27122B052487006A8438 /* cheetah.mp4 */; };
		C58A271D2B052487006A8438 /* elephant.mp4 in Resources */ = {isa = PBXBuildFile; fileRef = C58A27132B052487006A8438 /* elephant.mp4 */; };
		C58A271E2B052487006A8438 /* gorilla.mp4 in Resources */ = {isa = PBXBuildFile; fileRef = C58A27142B052487006A8438 /* gorilla.mp4 */; };
		C58A271F2B052487006A8438 /* giraffe.mp4 in Resources */ = {isa = PBXBuildFile; fileRef = C58A27152B052487006A8438 /* giraffe.mp4 */; };
		C58A27252B052715006A8438 /* locations.json in Resources */ = {isa = PBXBuildFile; fileRef = C58A27212B052715006A8438 /* locations.json */; };
		C58A27262B052715006A8438 /* covers.json in Resources */ = {isa = PBXBuildFile; fileRef = C58A27222B052715006A8438 /* covers.json */; };
		C58A27272B052715006A8438 /* animals.json in Resources */ = {isa = PBXBuildFile; fileRef = C58A27232B052715006A8438 /* animals.json */; };
		C58A27282B052715006A8438 /* videos.json in Resources */ = {isa = PBXBuildFile; fileRef = C58A27242B052715006A8438 /* videos.json */; };
		C58A272C2B053573006A8438 /* VideoListView.swift in Sources */ = {isa = PBXBuildFile; fileRef = C58A272B2B053573006A8438 /* VideoListView.swift */; };
		C58A272E2B0535A6006A8438 /* MapView.swift in Sources */ = {isa = PBXBuildFile; fileRef = C58A272D2B0535A6006A8438 /* MapView.swift */; };
		C58A27302B0535DC006A8438 /* GalleryView.swift in Sources */ = {isa = PBXBuildFile; fileRef = C58A272F2B0535DC006A8438 /* GalleryView.swift */; };
		C58A27322B05360F006A8438 /* MainView.swift in Sources */ = {isa = PBXBuildFile; fileRef = C58A27312B05360F006A8438 /* MainView.swift */; };
		C58A27352B09E318006A8438 /* CoverImageView.swift in Sources */ = {isa = PBXBuildFile; fileRef = C58A27342B09E318006A8438 /* CoverImageView.swift */; };
		C58A27382B0B2D9D006A8438 /* CoverImageModel.swift in Sources */ = {isa = PBXBuildFile; fileRef = C58A27372B0B2D9D006A8438 /* CoverImageModel.swift */; };
		C58A273B2B0B3624006A8438 /* CodableBundleExtension.swift in Sources */ = {isa = PBXBuildFile; fileRef = C58A273A2B0B3624006A8438 /* CodableBundleExtension.swift */; };
		C5B30E8F2B60E62D008A3438 /* AnimalGridItemView.swift in Sources */ = {isa = PBXBuildFile; fileRef = C5B30E8E2B60E62D008A3438 /* AnimalGridItemView.swift */; };
		C5B30E952B6376AC008A3438 /* Stickers.xcassets in Resources */ = {isa = PBXBuildFile; fileRef = C5B30E942B6376AC008A3438 /* Stickers.xcassets */; };
		C5B30E992B6376AC008A3438 /* Stickers.appex in Embed Foundation Extensions */ = {isa = PBXBuildFile; fileRef = C5B30E922B6376A9008A3438 /* Stickers.appex */; platformFilter = ios; settings = {ATTRIBUTES = (RemoveHeadersOnCopy, ); }; };
		C5B30E9F2B638438008A3438 /* CreditsView.swift in Sources */ = {isa = PBXBuildFile; fileRef = C5B30E9E2B638438008A3438 /* CreditsView.swift */; };
		C5B30EA22B638CE5008A3438 /* CenterModifier.swift in Sources */ = {isa = PBXBuildFile; fileRef = C5B30EA12B638CE5008A3438 /* CenterModifier.swift */; };
		C5C492A12B0C5FA70010AD1D /* AnimalListItemView.swift in Sources */ = {isa = PBXBuildFile; fileRef = C5C492A02B0C5FA70010AD1D /* AnimalListItemView.swift */; };
		C5C492A32B0C75AA0010AD1D /* AnimalModel.swift in Sources */ = {isa = PBXBuildFile; fileRef = C5C492A22B0C75AA0010AD1D /* AnimalModel.swift */; };
		C5C492A52B0C80C10010AD1D /* AnimalDetailView.swift in Sources */ = {isa = PBXBuildFile; fileRef = C5C492A42B0C80C10010AD1D /* AnimalDetailView.swift */; };
		C5C492A72B0F0F060010AD1D /* HeadingView.swift in Sources */ = {isa = PBXBuildFile; fileRef = C5C492A62B0F0F060010AD1D /* HeadingView.swift */; };
		C5C492A92B0F14C40010AD1D /* InsetGalleryView.swift in Sources */ = {isa = PBXBuildFile; fileRef = C5C492A82B0F14C40010AD1D /* InsetGalleryView.swift */; };
		C5C492AB2B0F2E990010AD1D /* InsetFactView.swift in Sources */ = {isa = PBXBuildFile; fileRef = C5C492AA2B0F2E990010AD1D /* InsetFactView.swift */; };
		C5C492AD2B12A8530010AD1D /* InsetMapView.swift in Sources */ = {isa = PBXBuildFile; fileRef = C5C492AC2B12A8530010AD1D /* InsetMapView.swift */; };
		C5C492AF2B1319270010AD1D /* ExternalWeblinkView.swift in Sources */ = {isa = PBXBuildFile; fileRef = C5C492AE2B1319270010AD1D /* ExternalWeblinkView.swift */; };
		C5C492B12B146C690010AD1D /* VideoModel.swift in Sources */ = {isa = PBXBuildFile; fileRef = C5C492B02B146C690010AD1D /* VideoModel.swift */; };
		C5C492B32B1470540010AD1D /* VideoListItemView.swift in Sources */ = {isa = PBXBuildFile; fileRef = C5C492B22B1470540010AD1D /* VideoListItemView.swift */; };
		C5C492B52B1900960010AD1D /* VideoPlayerView.swift in Sources */ = {isa = PBXBuildFile; fileRef = C5C492B42B1900960010AD1D /* VideoPlayerView.swift */; };
		C5C492B82B198F950010AD1D /* VideoPlayerHelper.swift in Sources */ = {isa = PBXBuildFile; fileRef = C5C492B72B198F950010AD1D /* VideoPlayerHelper.swift */; };
		C5C492BA2B19A2BF0010AD1D /* LocationModel.swift in Sources */ = {isa = PBXBuildFile; fileRef = C5C492B92B19A2BF0010AD1D /* LocationModel.swift */; };
		C5F504292B470742001C91FC /* MapAnnotationView.swift in Sources */ = {isa = PBXBuildFile; fileRef = C5F504282B470741001C91FC /* MapAnnotationView.swift */; };
		C5F5042B2B47F7A9001C91FC /* MotionAnimationView.swift in Sources */ = {isa = PBXBuildFile; fileRef = C5F5042A2B47F7A9001C91FC /* MotionAnimationView.swift */; };
/* End PBXBuildFile section */

/* Begin PBXContainerItemProxy section */
		C5B30E972B6376AC008A3438 /* PBXContainerItemProxy */ = {
			isa = PBXContainerItemProxy;
			containerPortal = C58A26F22B049DF0006A8438 /* Project object */;
			proxyType = 1;
			remoteGlobalIDString = C5B30E912B6376A9008A3438;
			remoteInfo = Stickers;
		};
/* End PBXContainerItemProxy section */

/* Begin PBXCopyFilesBuildPhase section */
		C5B30E9D2B6376AC008A3438 /* Embed Foundation Extensions */ = {
			isa = PBXCopyFilesBuildPhase;
			buildActionMask = 2147483647;
			dstPath = "";
			dstSubfolderSpec = 13;
			files = (
				C5B30E992B6376AC008A3438 /* Stickers.appex in Embed Foundation Extensions */,
			);
			name = "Embed Foundation Extensions";
			runOnlyForDeploymentPostprocessing = 0;
		};
/* End PBXCopyFilesBuildPhase section */

/* Begin PBXFileReference section */
		C58A26FA2B049DF0006A8438 /* Africa.app */ = {isa = PBXFileReference; explicitFileType = wrapper.application; includeInIndex = 0; path = Africa.app; sourceTree = BUILT_PRODUCTS_DIR; };
		C58A26FD2B049DF0006A8438 /* AfricaApp.swift */ = {isa = PBXFileReference; lastKnownFileType = sourcecode.swift; path = AfricaApp.swift; sourceTree = "<group>"; };
		C58A26FF2B049DF0006A8438 /* ContentView.swift */ = {isa = PBXFileReference; lastKnownFileType = sourcecode.swift; path = ContentView.swift; sourceTree = "<group>"; };
		C58A27012B049DF2006A8438 /* Assets.xcassets */ = {isa = PBXFileReference; lastKnownFileType = folder.assetcatalog; path = Assets.xcassets; sourceTree = "<group>"; };
		C58A27042B049DF2006A8438 /* Preview Assets.xcassets */ = {isa = PBXFileReference; lastKnownFileType = folder.assetcatalog; path = "Preview Assets.xcassets"; sourceTree = "<group>"; };
		C58A270C2B052487006A8438 /* lion.mp4 */ = {isa = PBXFileReference; lastKnownFileType = file; path = lion.mp4; sourceTree = "<group>"; };
		C58A270D2B052487006A8438 /* lioness.mp4 */ = {isa = PBXFileReference; lastKnownFileType = file; path = lioness.mp4; sourceTree = "<group>"; };
		C58A270E2B052487006A8438 /* ostrich.mp4 */ = {isa = PBXFileReference; lastKnownFileType = file; path = ostrich.mp4; sourceTree = "<group>"; };
		C58A270F2B052487006A8438 /* hippo.mp4 */ = {isa = PBXFileReference; lastKnownFileType = file; path = hippo.mp4; sourceTree = "<group>"; };
		C58A27102B052487006A8438 /* rhino.mp4 */ = {isa = PBXFileReference; lastKnownFileType = file; path = rhino.mp4; sourceTree = "<group>"; };
		C58A27112B052487006A8438 /* zebra.mp4 */ = {isa = PBXFileReference; lastKnownFileType = file; path = zebra.mp4; sourceTree = "<group>"; };
		C58A27122B052487006A8438 /* cheetah.mp4 */ = {isa = PBXFileReference; lastKnownFileType = file; path = cheetah.mp4; sourceTree = "<group>"; };
		C58A27132B052487006A8438 /* elephant.mp4 */ = {isa = PBXFileReference; lastKnownFileType = file; path = elephant.mp4; sourceTree = "<group>"; };
		C58A27142B052487006A8438 /* gorilla.mp4 */ = {isa = PBXFileReference; lastKnownFileType = file; path = gorilla.mp4; sourceTree = "<group>"; };
		C58A27152B052487006A8438 /* giraffe.mp4 */ = {isa = PBXFileReference; lastKnownFileType = file; path = giraffe.mp4; sourceTree = "<group>"; };
		C58A27212B052715006A8438 /* locations.json */ = {isa = PBXFileReference; fileEncoding = 4; lastKnownFileType = text.json; name = locations.json; path = ../../../../Resources/data/locations.json; sourceTree = "<group>"; };
		C58A27222B052715006A8438 /* covers.json */ = {isa = PBXFileReference; fileEncoding = 4; lastKnownFileType = text.json; name = covers.json; path = ../../../../Resources/data/covers.json; sourceTree = "<group>"; };
		C58A27232B052715006A8438 /* animals.json */ = {isa = PBXFileReference; fileEncoding = 4; lastKnownFileType = text.json; name = animals.json; path = ../../../../Resources/data/animals.json; sourceTree = "<group>"; };
		C58A27242B052715006A8438 /* videos.json */ = {isa = PBXFileReference; fileEncoding = 4; lastKnownFileType = text.json; name = videos.json; path = ../../../../Resources/data/videos.json; sourceTree = "<group>"; };
		C58A27292B052988006A8438 /* Info.plist */ = {isa = PBXFileReference; lastKnownFileType = text.plist; path = Info.plist; sourceTree = "<group>"; };
		C58A272B2B053573006A8438 /* VideoListView.swift */ = {isa = PBXFileReference; lastKnownFileType = sourcecode.swift; path = VideoListView.swift; sourceTree = "<group>"; };
		C58A272D2B0535A6006A8438 /* MapView.swift */ = {isa = PBXFileReference; lastKnownFileType = sourcecode.swift; path = MapView.swift; sourceTree = "<group>"; };
		C58A272F2B0535DC006A8438 /* GalleryView.swift */ = {isa = PBXFileReference; lastKnownFileType = sourcecode.swift; path = GalleryView.swift; sourceTree = "<group>"; };
		C58A27312B05360F006A8438 /* MainView.swift */ = {isa = PBXFileReference; lastKnownFileType = sourcecode.swift; path = MainView.swift; sourceTree = "<group>"; };
		C58A27342B09E318006A8438 /* CoverImageView.swift */ = {isa = PBXFileReference; lastKnownFileType = sourcecode.swift; path = CoverImageView.swift; sourceTree = "<group>"; };
		C58A27372B0B2D9D006A8438 /* CoverImageModel.swift */ = {isa = PBXFileReference; lastKnownFileType = sourcecode.swift; path = CoverImageModel.swift; sourceTree = "<group>"; };
		C58A273A2B0B3624006A8438 /* CodableBundleExtension.swift */ = {isa = PBXFileReference; lastKnownFileType = sourcecode.swift; path = CodableBundleExtension.swift; sourceTree = "<group>"; };
		C5B30E8E2B60E62D008A3438 /* AnimalGridItemView.swift */ = {isa = PBXFileReference; lastKnownFileType = sourcecode.swift; path = AnimalGridItemView.swift; sourceTree = "<group>"; };
		C5B30E922B6376A9008A3438 /* Stickers.appex */ = {isa = PBXFileReference; explicitFileType = "wrapper.app-extension"; includeInIndex = 0; path = Stickers.appex; sourceTree = BUILT_PRODUCTS_DIR; };
		C5B30E942B6376AC008A3438 /* Stickers.xcassets */ = {isa = PBXFileReference; lastKnownFileType = folder.assetcatalog; path = Stickers.xcassets; sourceTree = "<group>"; };
		C5B30E962B6376AC008A3438 /* Info.plist */ = {isa = PBXFileReference; lastKnownFileType = text.plist.xml; path = Info.plist; sourceTree = "<group>"; };
		C5B30E9E2B638438008A3438 /* CreditsView.swift */ = {isa = PBXFileReference; lastKnownFileType = sourcecode.swift; path = CreditsView.swift; sourceTree = "<group>"; };
		C5B30EA12B638CE5008A3438 /* CenterModifier.swift */ = {isa = PBXFileReference; lastKnownFileType = sourcecode.swift; path = CenterModifier.swift; sourceTree = "<group>"; };
		C5B30EA32B6396DD008A3438 /* Africa.entitlements */ = {isa = PBXFileReference; lastKnownFileType = text.plist.entitlements; path = Africa.entitlements; sourceTree = "<group>"; };
		C5C492A02B0C5FA70010AD1D /* AnimalListItemView.swift */ = {isa = PBXFileReference; lastKnownFileType = sourcecode.swift; path = AnimalListItemView.swift; sourceTree = "<group>"; };
		C5C492A22B0C75AA0010AD1D /* AnimalModel.swift */ = {isa = PBXFileReference; lastKnownFileType = sourcecode.swift; path = AnimalModel.swift; sourceTree = "<group>"; };
		C5C492A42B0C80C10010AD1D /* AnimalDetailView.swift */ = {isa = PBXFileReference; lastKnownFileType = sourcecode.swift; path = AnimalDetailView.swift; sourceTree = "<group>"; };
		C5C492A62B0F0F060010AD1D /* HeadingView.swift */ = {isa = PBXFileReference; lastKnownFileType = sourcecode.swift; path = HeadingView.swift; sourceTree = "<group>"; };
		C5C492A82B0F14C40010AD1D /* InsetGalleryView.swift */ = {isa = PBXFileReference; lastKnownFileType = sourcecode.swift; path = InsetGalleryView.swift; sourceTree = "<group>"; };
		C5C492AA2B0F2E990010AD1D /* InsetFactView.swift */ = {isa = PBXFileReference; lastKnownFileType = sourcecode.swift; path = InsetFactView.swift; sourceTree = "<group>"; };
		C5C492AC2B12A8530010AD1D /* InsetMapView.swift */ = {isa = PBXFileReference; lastKnownFileType = sourcecode.swift; path = InsetMapView.swift; sourceTree = "<group>"; };
		C5C492AE2B1319270010AD1D /* ExternalWeblinkView.swift */ = {isa = PBXFileReference; lastKnownFileType = sourcecode.swift; path = ExternalWeblinkView.swift; sourceTree = "<group>"; };
		C5C492B02B146C690010AD1D /* VideoModel.swift */ = {isa = PBXFileReference; lastKnownFileType = sourcecode.swift; path = VideoModel.swift; sourceTree = "<group>"; };
		C5C492B22B1470540010AD1D /* VideoListItemView.swift */ = {isa = PBXFileReference; lastKnownFileType = sourcecode.swift; path = VideoListItemView.swift; sourceTree = "<group>"; };
		C5C492B42B1900960010AD1D /* VideoPlayerView.swift */ = {isa = PBXFileReference; lastKnownFileType = sourcecode.swift; path = VideoPlayerView.swift; sourceTree = "<group>"; };
		C5C492B72B198F950010AD1D /* VideoPlayerHelper.swift */ = {isa = PBXFileReference; lastKnownFileType = sourcecode.swift; path = VideoPlayerHelper.swift; sourceTree = "<group>"; };
		C5C492B92B19A2BF0010AD1D /* LocationModel.swift */ = {isa = PBXFileReference; lastKnownFileType = sourcecode.swift; path = LocationModel.swift; sourceTree = "<group>"; };
		C5F504282B470741001C91FC /* MapAnnotationView.swift */ = {isa = PBXFileReference; lastKnownFileType = sourcecode.swift; path = MapAnnotationView.swift; sourceTree = "<group>"; };
		C5F5042A2B47F7A9001C91FC /* MotionAnimationView.swift */ = {isa = PBXFileReference; lastKnownFileType = sourcecode.swift; path = MotionAnimationView.swift; sourceTree = "<group>"; };
/* End PBXFileReference section */

/* Begin PBXFrameworksBuildPhase section */
		C58A26F72B049DF0006A8438 /* Frameworks */ = {
			isa = PBXFrameworksBuildPhase;
			buildActionMask = 2147483647;
			files = (
			);
			runOnlyForDeploymentPostprocessing = 0;
		};
/* End PBXFrameworksBuildPhase section */

/* Begin PBXGroup section */
		C58A26F12B049DF0006A8438 = {
			isa = PBXGroup;
			children = (
				C58A26FC2B049DF0006A8438 /* Africa */,
				C5B30E932B6376AA008A3438 /* Stickers */,
				C58A26FB2B049DF0006A8438 /* Products */,
			);
			sourceTree = "<group>";
		};
		C58A26FB2B049DF0006A8438 /* Products */ = {
			isa = PBXGroup;
			children = (
				C58A26FA2B049DF0006A8438 /* Africa.app */,
				C5B30E922B6376A9008A3438 /* Stickers.appex */,
			);
			name = Products;
			sourceTree = "<group>";
		};
		C58A26FC2B049DF0006A8438 /* Africa */ = {
			isa = PBXGroup;
			children = (
				C5B30EA32B6396DD008A3438 /* Africa.entitlements */,
				C5B30EA02B638CBC008A3438 /* Modifier */,
				C5C492B62B198F430010AD1D /* Helpers */,
				C58A27392B0B3072006A8438 /* Extension */,
				C58A27362B0B2D57006A8438 /* Model */,
				C58A27332B09E2C3006A8438 /* View */,
				C58A27292B052988006A8438 /* Info.plist */,
				C58A27202B05268F006A8438 /* Data */,
				C58A270B2B052415006A8438 /* Video */,
				C58A272A2B0534E3006A8438 /* App */,
				C58A27012B049DF2006A8438 /* Assets.xcassets */,
				C58A27032B049DF2006A8438 /* Preview Content */,
			);
			path = Africa;
			sourceTree = "<group>";
		};
		C58A27032B049DF2006A8438 /* Preview Content */ = {
			isa = PBXGroup;
			children = (
				C58A27042B049DF2006A8438 /* Preview Assets.xcassets */,
			);
			path = "Preview Content";
			sourceTree = "<group>";
		};
		C58A270B2B052415006A8438 /* Video */ = {
			isa = PBXGroup;
			children = (
				C58A27122B052487006A8438 /* cheetah.mp4 */,
				C58A27132B052487006A8438 /* elephant.mp4 */,
				C58A27152B052487006A8438 /* giraffe.mp4 */,
				C58A27142B052487006A8438 /* gorilla.mp4 */,
				C58A270F2B052487006A8438 /* hippo.mp4 */,
				C58A270C2B052487006A8438 /* lion.mp4 */,
				C58A270D2B052487006A8438 /* lioness.mp4 */,
				C58A270E2B052487006A8438 /* ostrich.mp4 */,
				C58A27102B052487006A8438 /* rhino.mp4 */,
				C58A27112B052487006A8438 /* zebra.mp4 */,
			);
			path = Video;
			sourceTree = "<group>";
		};
		C58A27202B05268F006A8438 /* Data */ = {
			isa = PBXGroup;
			children = (
				C58A27232B052715006A8438 /* animals.json */,
				C58A27222B052715006A8438 /* covers.json */,
				C58A27212B052715006A8438 /* locations.json */,
				C58A27242B052715006A8438 /* videos.json */,
			);
			path = Data;
			sourceTree = "<group>";
		};
		C58A272A2B0534E3006A8438 /* App */ = {
			isa = PBXGroup;
			children = (
				C58A26FD2B049DF0006A8438 /* AfricaApp.swift */,
				C58A26FF2B049DF0006A8438 /* ContentView.swift */,
				C58A272B2B053573006A8438 /* VideoListView.swift */,
				C58A272D2B0535A6006A8438 /* MapView.swift */,
				C58A272F2B0535DC006A8438 /* GalleryView.swift */,
				C58A27312B05360F006A8438 /* MainView.swift */,
			);
			path = App;
			sourceTree = "<group>";
		};
		C58A27332B09E2C3006A8438 /* View */ = {
			isa = PBXGroup;
			children = (
				C58A27342B09E318006A8438 /* CoverImageView.swift */,
				C5C492A02B0C5FA70010AD1D /* AnimalListItemView.swift */,
				C5C492A42B0C80C10010AD1D /* AnimalDetailView.swift */,
				C5C492A62B0F0F060010AD1D /* HeadingView.swift */,
				C5C492A82B0F14C40010AD1D /* InsetGalleryView.swift */,
				C5C492AA2B0F2E990010AD1D /* InsetFactView.swift */,
				C5C492AC2B12A8530010AD1D /* InsetMapView.swift */,
				C5C492AE2B1319270010AD1D /* ExternalWeblinkView.swift */,
				C5C492B22B1470540010AD1D /* VideoListItemView.swift */,
				C5C492B42B1900960010AD1D /* VideoPlayerView.swift */,
				C5F504282B470741001C91FC /* MapAnnotationView.swift */,
				C5F5042A2B47F7A9001C91FC /* MotionAnimationView.swift */,
				C5B30E8E2B60E62D008A3438 /* AnimalGridItemView.swift */,
				C5B30E9E2B638438008A3438 /* CreditsView.swift */,
			);
			path = View;
			sourceTree = "<group>";
		};
		C58A27362B0B2D57006A8438 /* Model */ = {
			isa = PBXGroup;
			children = (
				C58A27372B0B2D9D006A8438 /* CoverImageModel.swift */,
				C5C492A22B0C75AA0010AD1D /* AnimalModel.swift */,
				C5C492B02B146C690010AD1D /* VideoModel.swift */,
				C5C492B92B19A2BF0010AD1D /* LocationModel.swift */,
			);
			path = Model;
			sourceTree = "<group>";
		};
		C58A27392B0B3072006A8438 /* Extension */ = {
			isa = PBXGroup;
			children = (
				C58A273A2B0B3624006A8438 /* CodableBundleExtension.swift */,
			);
			path = Extension;
			sourceTree = "<group>";
		};
		C5B30E932B6376AA008A3438 /* Stickers */ = {
			isa = PBXGroup;
			children = (
				C5B30E942B6376AC008A3438 /* Stickers.xcassets */,
				C5B30E962B6376AC008A3438 /* Info.plist */,
			);
			path = Stickers;
			sourceTree = "<group>";
		};
		C5B30EA02B638CBC008A3438 /* Modifier */ = {
			isa = PBXGroup;
			children = (
				C5B30EA12B638CE5008A3438 /* CenterModifier.swift */,
			);
			path = Modifier;
			sourceTree = "<group>";
		};
		C5C492B62B198F430010AD1D /* Helpers */ = {
			isa = PBXGroup;
			children = (
				C5C492B72B198F950010AD1D /* VideoPlayerHelper.swift */,
			);
			path = Helpers;
			sourceTree = "<group>";
		};
/* End PBXGroup section */

/* Begin PBXNativeTarget section */
		C58A26F92B049DF0006A8438 /* Africa */ = {
			isa = PBXNativeTarget;
			buildConfigurationList = C58A27082B049DF2006A8438 /* Build configuration list for PBXNativeTarget "Africa" */;
			buildPhases = (
				C58A26F62B049DF0006A8438 /* Sources */,
				C58A26F72B049DF0006A8438 /* Frameworks */,
				C58A26F82B049DF0006A8438 /* Resources */,
				C5B30E9D2B6376AC008A3438 /* Embed Foundation Extensions */,
			);
			buildRules = (
			);
			dependencies = (
				C5B30E982B6376AC008A3438 /* PBXTargetDependency */,
			);
			name = Africa;
			productName = Africa;
			productReference = C58A26FA2B049DF0006A8438 /* Africa.app */;
			productType = "com.apple.product-type.application";
		};
		C5B30E912B6376A9008A3438 /* Stickers */ = {
			isa = PBXNativeTarget;
			buildConfigurationList = C5B30E9A2B6376AC008A3438 /* Build configuration list for PBXNativeTarget "Stickers" */;
			buildPhases = (
				C5B30E902B6376A9008A3438 /* Resources */,
			);
			buildRules = (
			);
			dependencies = (
			);
			name = Stickers;
			productName = Stickers;
			productReference = C5B30E922B6376A9008A3438 /* Stickers.appex */;
			productType = "com.apple.product-type.app-extension.messages-sticker-pack";
		};
/* End PBXNativeTarget section */

/* Begin PBXProject section */
		C58A26F22B049DF0006A8438 /* Project object */ = {
			isa = PBXProject;
			attributes = {
				BuildIndependentTargetsInParallel = 1;
				LastSwiftUpdateCheck = 1500;
				LastUpgradeCheck = 1500;
				TargetAttributes = {
					C58A26F92B049DF0006A8438 = {
						CreatedOnToolsVersion = 15.0.1;
					};
					C5B30E912B6376A9008A3438 = {
						CreatedOnToolsVersion = 15.2;
					};
				};
			};
			buildConfigurationList = C58A26F52B049DF0006A8438 /* Build configuration list for PBXProject "Africa" */;
			compatibilityVersion = "Xcode 14.0";
			developmentRegion = en;
			hasScannedForEncodings = 0;
			knownRegions = (
				en,
				Base,
			);
			mainGroup = C58A26F12B049DF0006A8438;
			productRefGroup = C58A26FB2B049DF0006A8438 /* Products */;
			projectDirPath = "";
			projectRoot = "";
			targets = (
				C58A26F92B049DF0006A8438 /* Africa */,
				C5B30E912B6376A9008A3438 /* Stickers */,
			);
		};
/* End PBXProject section */

/* Begin PBXResourcesBuildPhase section */
		C58A26F82B049DF0006A8438 /* Resources */ = {
			isa = PBXResourcesBuildPhase;
			buildActionMask = 2147483647;
			files = (
				C58A27272B052715006A8438 /* animals.json in Resources */,
				C58A27252B052715006A8438 /* locations.json in Resources */,
				C58A27052B049DF2006A8438 /* Preview Assets.xcassets in Resources */,
				C58A27162B052487006A8438 /* lion.mp4 in Resources */,
				C58A271F2B052487006A8438 /* giraffe.mp4 in Resources */,
				C58A27022B049DF2006A8438 /* Assets.xcassets in Resources */,
				C58A27182B052487006A8438 /* ostrich.mp4 in Resources */,
				C58A271B2B052487006A8438 /* zebra.mp4 in Resources */,
				C58A27262B052715006A8438 /* covers.json in Resources */,
				C58A271A2B052487006A8438 /* rhino.mp4 in Resources */,
				C58A27192B052487006A8438 /* hippo.mp4 in Resources */,
				C58A27172B052487006A8438 /* lioness.mp4 in Resources */,
				C58A271D2B052487006A8438 /* elephant.mp4 in Resources */,
				C58A27282B052715006A8438 /* videos.json in Resources */,
				C58A271C2B052487006A8438 /* cheetah.mp4 in Resources */,
				C58A271E2B052487006A8438 /* gorilla.mp4 in Resources */,
			);
			runOnlyForDeploymentPostprocessing = 0;
		};
		C5B30E902B6376A9008A3438 /* Resources */ = {
			isa = PBXResourcesBuildPhase;
			buildActionMask = 2147483647;
			files = (
				C5B30E952B6376AC008A3438 /* Stickers.xcassets in Resources */,
			);
			runOnlyForDeploymentPostprocessing = 0;
		};
/* End PBXResourcesBuildPhase section */

/* Begin PBXSourcesBuildPhase section */
		C58A26F62B049DF0006A8438 /* Sources */ = {
			isa = PBXSourcesBuildPhase;
			buildActionMask = 2147483647;
			files = (
				C5C492AF2B1319270010AD1D /* ExternalWeblinkView.swift in Sources */,
				C58A27002B049DF0006A8438 /* ContentView.swift in Sources */,
				C5C492AB2B0F2E990010AD1D /* InsetFactView.swift in Sources */,
				C5C492A12B0C5FA70010AD1D /* AnimalListItemView.swift in Sources */,
				C58A27322B05360F006A8438 /* MainView.swift in Sources */,
				C58A27352B09E318006A8438 /* CoverImageView.swift in Sources */,
				C58A27382B0B2D9D006A8438 /* CoverImageModel.swift in Sources */,
				C5C492A52B0C80C10010AD1D /* AnimalDetailView.swift in Sources */,
				C5C492A32B0C75AA0010AD1D /* AnimalModel.swift in Sources */,
				C58A272E2B0535A6006A8438 /* MapView.swift in Sources */,
				C5C492B82B198F950010AD1D /* VideoPlayerHelper.swift in Sources */,
				C5C492AD2B12A8530010AD1D /* InsetMapView.swift in Sources */,
				C58A26FE2B049DF0006A8438 /* AfricaApp.swift in Sources */,
				C5F504292B470742001C91FC /* MapAnnotationView.swift in Sources */,
				C58A272C2B053573006A8438 /* VideoListView.swift in Sources */,
				C5C492B12B146C690010AD1D /* VideoModel.swift in Sources */,
				C58A27302B0535DC006A8438 /* GalleryView.swift in Sources */,
				C5C492BA2B19A2BF0010AD1D /* LocationModel.swift in Sources */,
				C5B30E8F2B60E62D008A3438 /* AnimalGridItemView.swift in Sources */,
				C5C492A92B0F14C40010AD1D /* InsetGalleryView.swift in Sources */,
				C5C492B32B1470540010AD1D /* VideoListItemView.swift in Sources */,
				C5B30E9F2B638438008A3438 /* CreditsView.swift in Sources */,
				C58A273B2B0B3624006A8438 /* CodableBundleExtension.swift in Sources */,
				C5F5042B2B47F7A9001C91FC /* MotionAnimationView.swift in Sources */,
				C5B30EA22B638CE5008A3438 /* CenterModifier.swift in Sources */,
				C5C492A72B0F0F060010AD1D /* HeadingView.swift in Sources */,
				C5C492B52B1900960010AD1D /* VideoPlayerView.swift in Sources */,
			);
			runOnlyForDeploymentPostprocessing = 0;
		};
/* End PBXSourcesBuildPhase section */

/* Begin PBXTargetDependency section */
		C5B30E982B6376AC008A3438 /* PBXTargetDependency */ = {
			isa = PBXTargetDependency;
			platformFilter = ios;
			target = C5B30E912B6376A9008A3438 /* Stickers */;
			targetProxy = C5B30E972B6376AC008A3438 /* PBXContainerItemProxy */;
		};
/* End PBXTargetDependency section */

/* Begin XCBuildConfiguration section */
		C58A27062B049DF2006A8438 /* Debug */ = {
			isa = XCBuildConfiguration;
			buildSettings = {
				ALWAYS_SEARCH_USER_PATHS = NO;
				ASSETCATALOG_COMPILER_GENERATE_SWIFT_ASSET_SYMBOL_EXTENSIONS = YES;
				CLANG_ANALYZER_NONNULL = YES;
				CLANG_ANALYZER_NUMBER_OBJECT_CONVERSION = YES_AGGRESSIVE;
				CLANG_CXX_LANGUAGE_STANDARD = "gnu++20";
				CLANG_ENABLE_MODULES = YES;
				CLANG_ENABLE_OBJC_ARC = YES;
				CLANG_ENABLE_OBJC_WEAK = YES;
				CLANG_WARN_BLOCK_CAPTURE_AUTORELEASING = YES;
				CLANG_WARN_BOOL_CONVERSION = YES;
				CLANG_WARN_COMMA = YES;
				CLANG_WARN_CONSTANT_CONVERSION = YES;
				CLANG_WARN_DEPRECATED_OBJC_IMPLEMENTATIONS = YES;
				CLANG_WARN_DIRECT_OBJC_ISA_USAGE = YES_ERROR;
				CLANG_WARN_DOCUMENTATION_COMMENTS = YES;
				CLANG_WARN_EMPTY_BODY = YES;
				CLANG_WARN_ENUM_CONVERSION = YES;
				CLANG_WARN_INFINITE_RECURSION = YES;
				CLANG_WARN_INT_CONVERSION = YES;
				CLANG_WARN_NON_LITERAL_NULL_CONVERSION = YES;
				CLANG_WARN_OBJC_IMPLICIT_RETAIN_SELF = YES;
				CLANG_WARN_OBJC_LITERAL_CONVERSION = YES;
				CLANG_WARN_OBJC_ROOT_CLASS = YES_ERROR;
				CLANG_WARN_QUOTED_INCLUDE_IN_FRAMEWORK_HEADER = YES;
				CLANG_WARN_RANGE_LOOP_ANALYSIS = YES;
				CLANG_WARN_STRICT_PROTOTYPES = YES;
				CLANG_WARN_SUSPICIOUS_MOVE = YES;
				CLANG_WARN_UNGUARDED_AVAILABILITY = YES_AGGRESSIVE;
				CLANG_WARN_UNREACHABLE_CODE = YES;
				CLANG_WARN__DUPLICATE_METHOD_MATCH = YES;
				COPY_PHASE_STRIP = NO;
				DEBUG_INFORMATION_FORMAT = dwarf;
				ENABLE_STRICT_OBJC_MSGSEND = YES;
				ENABLE_TESTABILITY = YES;
				ENABLE_USER_SCRIPT_SANDBOXING = YES;
				GCC_C_LANGUAGE_STANDARD = gnu17;
				GCC_DYNAMIC_NO_PIC = NO;
				GCC_NO_COMMON_BLOCKS = YES;
				GCC_OPTIMIZATION_LEVEL = 0;
				GCC_PREPROCESSOR_DEFINITIONS = (
					"DEBUG=1",
					"$(inherited)",
				);
				GCC_WARN_64_TO_32_BIT_CONVERSION = YES;
				GCC_WARN_ABOUT_RETURN_TYPE = YES_ERROR;
				GCC_WARN_UNDECLARED_SELECTOR = YES;
				GCC_WARN_UNINITIALIZED_AUTOS = YES_AGGRESSIVE;
				GCC_WARN_UNUSED_FUNCTION = YES;
				GCC_WARN_UNUSED_VARIABLE = YES;
				IPHONEOS_DEPLOYMENT_TARGET = 17.0;
				LOCALIZATION_PREFERS_STRING_CATALOGS = YES;
				MTL_ENABLE_DEBUG_INFO = INCLUDE_SOURCE;
				MTL_FAST_MATH = YES;
				ONLY_ACTIVE_ARCH = YES;
				SDKROOT = iphoneos;
				SWIFT_ACTIVE_COMPILATION_CONDITIONS = "DEBUG $(inherited)";
				SWIFT_OPTIMIZATION_LEVEL = "-Onone";
			};
			name = Debug;
		};
		C58A27072B049DF2006A8438 /* Release */ = {
			isa = XCBuildConfiguration;
			buildSettings = {
				ALWAYS_SEARCH_USER_PATHS = NO;
				ASSETCATALOG_COMPILER_GENERATE_SWIFT_ASSET_SYMBOL_EXTENSIONS = YES;
				CLANG_ANALYZER_NONNULL = YES;
				CLANG_ANALYZER_NUMBER_OBJECT_CONVERSION = YES_AGGRESSIVE;
				CLANG_CXX_LANGUAGE_STANDARD = "gnu++20";
				CLANG_ENABLE_MODULES = YES;
				CLANG_ENABLE_OBJC_ARC = YES;
				CLANG_ENABLE_OBJC_WEAK = YES;
				CLANG_WARN_BLOCK_CAPTURE_AUTORELEASING = YES;
				CLANG_WARN_BOOL_CONVERSION = YES;
				CLANG_WARN_COMMA = YES;
				CLANG_WARN_CONSTANT_CONVERSION = YES;
				CLANG_WARN_DEPRECATED_OBJC_IMPLEMENTATIONS = YES;
				CLANG_WARN_DIRECT_OBJC_ISA_USAGE = YES_ERROR;
				CLANG_WARN_DOCUMENTATION_COMMENTS = YES;
				CLANG_WARN_EMPTY_BODY = YES;
				CLANG_WARN_ENUM_CONVERSION = YES;
				CLANG_WARN_INFINITE_RECURSION = YES;
				CLANG_WARN_INT_CONVERSION = YES;
				CLANG_WARN_NON_LITERAL_NULL_CONVERSION = YES;
				CLANG_WARN_OBJC_IMPLICIT_RETAIN_SELF = YES;
				CLANG_WARN_OBJC_LITERAL_CONVERSION = YES;
				CLANG_WARN_OBJC_ROOT_CLASS = YES_ERROR;
				CLANG_WARN_QUOTED_INCLUDE_IN_FRAMEWORK_HEADER = YES;
				CLANG_WARN_RANGE_LOOP_ANALYSIS = YES;
				CLANG_WARN_STRICT_PROTOTYPES = YES;
				CLANG_WARN_SUSPICIOUS_MOVE = YES;
				CLANG_WARN_UNGUARDED_AVAILABILITY = YES_AGGRESSIVE;
				CLANG_WARN_UNREACHABLE_CODE = YES;
				CLANG_WARN__DUPLICATE_METHOD_MATCH = YES;
				COPY_PHASE_STRIP = NO;
				DEBUG_INFORMATION_FORMAT = "dwarf-with-dsym";
				ENABLE_NS_ASSERTIONS = NO;
				ENABLE_STRICT_OBJC_MSGSEND = YES;
				ENABLE_USER_SCRIPT_SANDBOXING = YES;
				GCC_C_LANGUAGE_STANDARD = gnu17;
				GCC_NO_COMMON_BLOCKS = YES;
				GCC_WARN_64_TO_32_BIT_CONVERSION = YES;
				GCC_WARN_ABOUT_RETURN_TYPE = YES_ERROR;
				GCC_WARN_UNDECLARED_SELECTOR = YES;
				GCC_WARN_UNINITIALIZED_AUTOS = YES_AGGRESSIVE;
				GCC_WARN_UNUSED_FUNCTION = YES;
				GCC_WARN_UNUSED_VARIABLE = YES;
				IPHONEOS_DEPLOYMENT_TARGET = 17.0;
				LOCALIZATION_PREFERS_STRING_CATALOGS = YES;
				MTL_ENABLE_DEBUG_INFO = NO;
				MTL_FAST_MATH = YES;
				SDKROOT = iphoneos;
				SWIFT_COMPILATION_MODE = wholemodule;
				VALIDATE_PRODUCT = YES;
			};
			name = Release;
		};
		C58A27092B049DF2006A8438 /* Debug */ = {
			isa = XCBuildConfiguration;
			buildSettings = {
				ASSETCATALOG_COMPILER_APPICON_NAME = AppIcon;
				ASSETCATALOG_COMPILER_GLOBAL_ACCENT_COLOR_NAME = AccentColor;
				CODE_SIGN_ENTITLEMENTS = Africa/Africa.entitlements;
				CODE_SIGN_STYLE = Automatic;
				CURRENT_PROJECT_VERSION = 1;
				DEVELOPMENT_ASSET_PATHS = "\"Africa/Preview Content\"";
				DEVELOPMENT_TEAM = 25M8T65BNY;
				ENABLE_PREVIEWS = YES;
				GENERATE_INFOPLIST_FILE = YES;
				INFOPLIST_FILE = Africa/Info.plist;
				INFOPLIST_KEY_CFBundleDisplayName = "";
				INFOPLIST_KEY_LSApplicationCategoryType = "";
				INFOPLIST_KEY_NSHumanReadableCopyright = "";
				INFOPLIST_KEY_UIApplicationSceneManifest_Generation = YES;
				INFOPLIST_KEY_UIApplicationSupportsIndirectInputEvents = YES;
				INFOPLIST_KEY_UISupportedInterfaceOrientations_iPad = "UIInterfaceOrientationPortrait UIInterfaceOrientationPortraitUpsideDown UIInterfaceOrientationLandscapeLeft UIInterfaceOrientationLandscapeRight";
				INFOPLIST_KEY_UISupportedInterfaceOrientations_iPhone = "UIInterfaceOrientationPortrait UIInterfaceOrientationLandscapeLeft UIInterfaceOrientationLandscapeRight";
				INFOPLIST_KEY_UIUserInterfaceStyle = Dark;
				LD_RUNPATH_SEARCH_PATHS = (
					"$(inherited)",
					"@executable_path/Frameworks",
				);
				MARKETING_VERSION = 1.0;
				PRODUCT_BUNDLE_IDENTIFIER = com.kwesbot.Africa;
				PRODUCT_NAME = "$(TARGET_NAME)";
				SUPPORTED_PLATFORMS = "iphoneos iphonesimulator";
				SUPPORTS_MACCATALYST = YES;
				SWIFT_EMIT_LOC_STRINGS = YES;
				SWIFT_VERSION = 5.0;
				TARGETED_DEVICE_FAMILY = "1,2";
			};
			name = Debug;
		};
		C58A270A2B049DF2006A8438 /* Release */ = {
			isa = XCBuildConfiguration;
			buildSettings = {
				ASSETCATALOG_COMPILER_APPICON_NAME = AppIcon;
				ASSETCATALOG_COMPILER_GLOBAL_ACCENT_COLOR_NAME = AccentColor;
				CODE_SIGN_ENTITLEMENTS = Africa/Africa.entitlements;
				CODE_SIGN_STYLE = Automatic;
				CURRENT_PROJECT_VERSION = 1;
				DEVELOPMENT_ASSET_PATHS = "\"Africa/Preview Content\"";
				DEVELOPMENT_TEAM = 25M8T65BNY;
				ENABLE_PREVIEWS = YES;
				GENERATE_INFOPLIST_FILE = YES;
				INFOPLIST_FILE = Africa/Info.plist;
				INFOPLIST_KEY_CFBundleDisplayName = "";
				INFOPLIST_KEY_LSApplicationCategoryType = "";
				INFOPLIST_KEY_NSHumanReadableCopyright = "";
				INFOPLIST_KEY_UIApplicationSceneManifest_Generation = YES;
				INFOPLIST_KEY_UIApplicationSupportsIndirectInputEvents = YES;
				INFOPLIST_KEY_UISupportedInterfaceOrientations_iPad = "UIInterfaceOrientationPortrait UIInterfaceOrientationPortraitUpsideDown UIInterfaceOrientationLandscapeLeft UIInterfaceOrientationLandscapeRight";
				INFOPLIST_KEY_UISupportedInterfaceOrientations_iPhone = "UIInterfaceOrientationPortrait UIInterfaceOrientationLandscapeLeft UIInterfaceOrientationLandscapeRight";
				INFOPLIST_KEY_UIUserInterfaceStyle = Dark;
				LD_RUNPATH_SEARCH_PATHS = (
					"$(inherited)",
					"@executable_path/Frameworks",
				);
				MARKETING_VERSION = 1.0;
				PRODUCT_BUNDLE_IDENTIFIER = com.kwesbot.Africa;
				PRODUCT_NAME = "$(TARGET_NAME)";
				SUPPORTED_PLATFORMS = "iphoneos iphonesimulator";
				SUPPORTS_MACCATALYST = YES;
				SWIFT_EMIT_LOC_STRINGS = YES;
				SWIFT_VERSION = 5.0;
				TARGETED_DEVICE_FAMILY = "1,2";
			};
			name = Release;
		};
		C5B30E9B2B6376AC008A3438 /* Debug */ = {
			isa = XCBuildConfiguration;
			buildSettings = {
				ASSETCATALOG_COMPILER_APPICON_NAME = "iMessage App Icon";
				CODE_SIGN_STYLE = Automatic;
				CURRENT_PROJECT_VERSION = 1;
				DEVELOPMENT_TEAM = 25M8T65BNY;
				GENERATE_INFOPLIST_FILE = YES;
				INFOPLIST_FILE = Stickers/Info.plist;
				INFOPLIST_KEY_CFBundleDisplayName = Africa;
				INFOPLIST_KEY_NSStickerSharingLevel = OS;
				IPHONEOS_DEPLOYMENT_TARGET = 17.2;
				MARKETING_VERSION = 1.0;
				PRODUCT_BUNDLE_IDENTIFIER = com.kwesbot.Africa.Stickers;
				PRODUCT_NAME = "$(TARGET_NAME)";
				SKIP_INSTALL = YES;
				SUPPORTS_MACCATALYST = NO;
				SWIFT_EMIT_LOC_STRINGS = YES;
				TARGETED_DEVICE_FAMILY = "1,2";
			};
			name = Debug;
		};
		C5B30E9C2B6376AC008A3438 /* Release */ = {
			isa = XCBuildConfiguration;
			buildSettings = {
				ASSETCATALOG_COMPILER_APPICON_NAME = "iMessage App Icon";
				CODE_SIGN_STYLE = Automatic;
				CURRENT_PROJECT_VERSION = 1;
				DEVELOPMENT_TEAM = 25M8T65BNY;
				GENERATE_INFOPLIST_FILE = YES;
				INFOPLIST_FILE = Stickers/Info.plist;
				INFOPLIST_KEY_CFBundleDisplayName = Africa;
				INFOPLIST_KEY_NSStickerSharingLevel = OS;
				IPHONEOS_DEPLOYMENT_TARGET = 17.2;
				MARKETING_VERSION = 1.0;
				PRODUCT_BUNDLE_IDENTIFIER = com.kwesbot.Africa.Stickers;
				PRODUCT_NAME = "$(TARGET_NAME)";
				SKIP_INSTALL = YES;
				SUPPORTS_MACCATALYST = NO;
				SWIFT_EMIT_LOC_STRINGS = YES;
				TARGETED_DEVICE_FAMILY = "1,2";
			};
			name = Release;
		};
/* End XCBuildConfiguration section */

/* Begin XCConfigurationList section */
		C58A26F52B049DF0006A8438 /* Build configuration list for PBXProject "Africa" */ = {
			isa = XCConfigurationList;
			buildConfigurations = (
				C58A27062B049DF2006A8438 /* Debug */,
				C58A27072B049DF2006A8438 /* Release */,
			);
			defaultConfigurationIsVisible = 0;
			defaultConfigurationName = Release;
		};
		C58A27082B049DF2006A8438 /* Build configuration list for PBXNativeTarget "Africa" */ = {
			isa = XCConfigurationList;
			buildConfigurations = (
				C58A27092B049DF2006A8438 /* Debug */,
				C58A270A2B049DF2006A8438 /* Release */,
			);
			defaultConfigurationIsVisible = 0;
			defaultConfigurationName = Release;
		};
		C5B30E9A2B6376AC008A3438 /* Build configuration list for PBXNativeTarget "Stickers" */ = {
			isa = XCConfigurationList;
			buildConfigurations = (
				C5B30E9B2B6376AC008A3438 /* Debug */,
				C5B30E9C2B6376AC008A3438 /* Release */,
			);
			defaultConfigurationIsVisible = 0;
			defaultConfigurationName = Release;
		};
/* End XCConfigurationList section */
	};
	rootObject = C58A26F22B049DF0006A8438 /* Project object */;
}
