// !$*UTF8*$!
{
	archiveVersion = 1;
	classes = {
	};
	objectVersion = 56;
	objects = {

/* Begin PBXBuildFile section */
		BBB0F1D02AB22CDF00BB3EB1 /* PinchApp.swift in Sources */ = {isa = PBXBuildFile; fileRef = BBB0F1CF2AB22CDF00BB3EB1 /* PinchApp.swift */; };
		BBB0F1D22AB22CDF00BB3EB1 /* ContentView.swift in Sources */ = {isa = PBXBuildFile; fileRef = BBB0F1D12AB22CDF00BB3EB1 /* ContentView.swift */; };
		BBB0F1D42AB22CE200BB3EB1 /* Assets.xcassets in Resources */ = {isa = PBXBuildFile; fileRef = BBB0F1D32AB22CE200BB3EB1 /* Assets.xcassets */; };
		BBB0F1D72AB22CE200BB3EB1 /* Preview Assets.xcassets in Resources */ = {isa = PBXBuildFile; fileRef = BBB0F1D62AB22CE200BB3EB1 /* Preview Assets.xcassets */; };
		C557AE5E2AEAE84F00538341 /* PageModel.swift in Sources */ = {isa = PBXBuildFile; fileRef = C557AE5D2AEAE84F00538341 /* PageModel.swift */; };
		C557AE612AEAE93900538341 /* PageData.swift in Sources */ = {isa = PBXBuildFile; fileRef = C557AE602AEAE93900538341 /* PageData.swift */; };
		C5D034152AD8781600940ED6 /* InfoPanelView.swift in Sources */ = {isa = PBXBuildFile; fileRef = C5D034142AD8781600940ED6 /* InfoPanelView.swift */; };
		C5D034172ADA3BF800940ED6 /* ControlImageView.swift in Sources */ = {isa = PBXBuildFile; fileRef = C5D034162ADA3BF800940ED6 /* ControlImageView.swift */; };
/* End PBXBuildFile section */

/* Begin PBXFileReference section */
		BBB0F1CC2AB22CDF00BB3EB1 /* Pinch.app */ = {isa = PBXFileReference; explicitFileType = wrapper.application; includeInIndex = 0; path = Pinch.app; sourceTree = BUILT_PRODUCTS_DIR; };
		BBB0F1CF2AB22CDF00BB3EB1 /* PinchApp.swift */ = {isa = PBXFileReference; lastKnownFileType = sourcecode.swift; path = PinchApp.swift; sourceTree = "<group>"; };
		BBB0F1D12AB22CDF00BB3EB1 /* ContentView.swift */ = {isa = PBXFileReference; lastKnownFileType = sourcecode.swift; path = ContentView.swift; sourceTree = "<group>"; };
		BBB0F1D32AB22CE200BB3EB1 /* Assets.xcassets */ = {isa = PBXFileReference; lastKnownFileType = folder.assetcatalog; path = Assets.xcassets; sourceTree = "<group>"; };
		BBB0F1D62AB22CE200BB3EB1 /* Preview Assets.xcassets */ = {isa = PBXFileReference; lastKnownFileType = folder.assetcatalog; path = "Preview Assets.xcassets"; sourceTree = "<group>"; };
		C557AE5D2AEAE84F00538341 /* PageModel.swift */ = {isa = PBXFileReference; lastKnownFileType = sourcecode.swift; path = PageModel.swift; sourceTree = "<group>"; };
		C557AE602AEAE93900538341 /* PageData.swift */ = {isa = PBXFileReference; lastKnownFileType = sourcecode.swift; path = PageData.swift; sourceTree = "<group>"; };
		C5D034142AD8781600940ED6 /* InfoPanelView.swift */ = {isa = PBXFileReference; lastKnownFileType = sourcecode.swift; path = InfoPanelView.swift; sourceTree = "<group>"; };
		C5D034162ADA3BF800940ED6 /* ControlImageView.swift */ = {isa = PBXFileReference; lastKnownFileType = sourcecode.swift; path = ControlImageView.swift; sourceTree = "<group>"; };
/* End PBXFileReference section */

/* Begin PBXFrameworksBuildPhase section */
		BBB0F1C92AB22CDF00BB3EB1 /* Frameworks */ = {
			isa = PBXFrameworksBuildPhase;
			buildActionMask = 2147483647;
			files = (
			);
			runOnlyForDeploymentPostprocessing = 0;
		};
/* End PBXFrameworksBuildPhase section */

/* Begin PBXGroup section */
		BB788A022AB2331600410BF6 /* Screen */ = {
			isa = PBXGroup;
			children = (
				BBB0F1D12AB22CDF00BB3EB1 /* ContentView.swift */,
			);
			path = Screen;
			sourceTree = "<group>";
		};
		BB788A032AB2337E00410BF6 /* View */ = {
			isa = PBXGroup;
			children = (
				BBB0F1CF2AB22CDF00BB3EB1 /* PinchApp.swift */,
				C5D034142AD8781600940ED6 /* InfoPanelView.swift */,
				C5D034162ADA3BF800940ED6 /* ControlImageView.swift */,
			);
			path = View;
			sourceTree = "<group>";
		};
		BBB0F1C32AB22CDF00BB3EB1 = {
			isa = PBXGroup;
			children = (
				BBB0F1CE2AB22CDF00BB3EB1 /* Pinch */,
				BBB0F1CD2AB22CDF00BB3EB1 /* Products */,
			);
			sourceTree = "<group>";
		};
		BBB0F1CD2AB22CDF00BB3EB1 /* Products */ = {
			isa = PBXGroup;
			children = (
				BBB0F1CC2AB22CDF00BB3EB1 /* Pinch.app */,
			);
			name = Products;
			sourceTree = "<group>";
		};
		BBB0F1CE2AB22CDF00BB3EB1 /* Pinch */ = {
			isa = PBXGroup;
			children = (
				C557AE5F2AEAE91200538341 /* Data */,
				C557AE5C2AEAE7F600538341 /* Model */,
				BB788A032AB2337E00410BF6 /* View */,
				BB788A022AB2331600410BF6 /* Screen */,
				BBB0F1D32AB22CE200BB3EB1 /* Assets.xcassets */,
				BBB0F1D52AB22CE200BB3EB1 /* Preview Content */,
			);
			path = Pinch;
			sourceTree = "<group>";
		};
		BBB0F1D52AB22CE200BB3EB1 /* Preview Content */ = {
			isa = PBXGroup;
			children = (
				BBB0F1D62AB22CE200BB3EB1 /* Preview Assets.xcassets */,
			);
			path = "Preview Content";
			sourceTree = "<group>";
		};
		C557AE5C2AEAE7F600538341 /* Model */ = {
			isa = PBXGroup;
			children = (
				C557AE5D2AEAE84F00538341 /* PageModel.swift */,
			);
			path = Model;
			sourceTree = "<group>";
		};
		C557AE5F2AEAE91200538341 /* Data */ = {
			isa = PBXGroup;
			children = (
				C557AE602AEAE93900538341 /* PageData.swift */,
			);
			path = Data;
			sourceTree = "<group>";
		};
/* End PBXGroup section */

/* Begin PBXNativeTarget section */
		BBB0F1CB2AB22CDF00BB3EB1 /* Pinch */ = {
			isa = PBXNativeTarget;
			buildConfigurationList = BBB0F1DA2AB22CE200BB3EB1 /* Build configuration list for PBXNativeTarget "Pinch" */;
			buildPhases = (
				BBB0F1C82AB22CDF00BB3EB1 /* Sources */,
				BBB0F1C92AB22CDF00BB3EB1 /* Frameworks */,
				BBB0F1CA2AB22CDF00BB3EB1 /* Resources */,
			);
			buildRules = (
			);
			dependencies = (
			);
			name = Pinch;
			productName = Pinch;
			productReference = BBB0F1CC2AB22CDF00BB3EB1 /* Pinch.app */;
			productType = "com.apple.product-type.application";
		};
/* End PBXNativeTarget section */

/* Begin PBXProject section */
		BBB0F1C42AB22CDF00BB3EB1 /* Project object */ = {
			isa = PBXProject;
			attributes = {
				BuildIndependentTargetsInParallel = 1;
				LastSwiftUpdateCheck = 1430;
				LastUpgradeCheck = 1430;
				TargetAttributes = {
					BBB0F1CB2AB22CDF00BB3EB1 = {
						CreatedOnToolsVersion = 14.3.1;
					};
				};
			};
			buildConfigurationList = BBB0F1C72AB22CDF00BB3EB1 /* Build configuration list for PBXProject "Pinch" */;
			compatibilityVersion = "Xcode 14.0";
			developmentRegion = en;
			hasScannedForEncodings = 0;
			knownRegions = (
				en,
				Base,
			);
			mainGroup = BBB0F1C32AB22CDF00BB3EB1;
			productRefGroup = BBB0F1CD2AB22CDF00BB3EB1 /* Products */;
			projectDirPath = "";
			projectRoot = "";
			targets = (
				BBB0F1CB2AB22CDF00BB3EB1 /* Pinch */,
			);
		};
/* End PBXProject section */

/* Begin PBXResourcesBuildPhase section */
		BBB0F1CA2AB22CDF00BB3EB1 /* Resources */ = {
			isa = PBXResourcesBuildPhase;
			buildActionMask = 2147483647;
			files = (
				BBB0F1D72AB22CE200BB3EB1 /* Preview Assets.xcassets in Resources */,
				BBB0F1D42AB22CE200BB3EB1 /* Assets.xcassets in Resources */,
			);
			runOnlyForDeploymentPostprocessing = 0;
		};
/* End PBXResourcesBuildPhase section */

/* Begin PBXSourcesBuildPhase section */
		BBB0F1C82AB22CDF00BB3EB1 /* Sources */ = {
			isa = PBXSourcesBuildPhase;
			buildActionMask = 2147483647;
			files = (
				C5D034172ADA3BF800940ED6 /* ControlImageView.swift in Sources */,
				C557AE5E2AEAE84F00538341 /* PageModel.swift in Sources */,
				BBB0F1D22AB22CDF00BB3EB1 /* ContentView.swift in Sources */,
				BBB0F1D02AB22CDF00BB3EB1 /* PinchApp.swift in Sources */,
				C557AE612AEAE93900538341 /* PageData.swift in Sources */,
				C5D034152AD8781600940ED6 /* InfoPanelView.swift in Sources */,
			);
			runOnlyForDeploymentPostprocessing = 0;
		};
/* End PBXSourcesBuildPhase section */

/* Begin XCBuildConfiguration section */
		BBB0F1D82AB22CE200BB3EB1 /* Debug */ = {
			isa = XCBuildConfiguration;
			buildSettings = {
				ALWAYS_SEARCH_USER_PATHS = NO;
				CLANG_ANALYZER_NONNULL = YES;
				CLANG_ANALYZER_NUMBER_OBJECT_CONVERSION = YES_AGGRESSIVE;
				CLANG_CXX_LANGUAGE_STANDARD = "gnu++20";
				CLANG_ENABLE_MODULES = YES;
				CLANG_ENABLE_OBJC_ARC = YES;
				CLANG_ENABLE_OBJC_WEAK = YES;
				CLANG_WARN_BLOCK_CAPTURE_AUTORELEASING = YES;
				CLANG_WARN_BOOL_CONVERSION = YES;
				CLANG_WARN_COMMA = YES;
				CLANG_WARN_CONSTANT_CONVERSION = YES;
				CLANG_WARN_DEPRECATED_OBJC_IMPLEMENTATIONS = YES;
				CLANG_WARN_DIRECT_OBJC_ISA_USAGE = YES_ERROR;
				CLANG_WARN_DOCUMENTATION_COMMENTS = YES;
				CLANG_WARN_EMPTY_BODY = YES;
				CLANG_WARN_ENUM_CONVERSION = YES;
				CLANG_WARN_INFINITE_RECURSION = YES;
				CLANG_WARN_INT_CONVERSION = YES;
				CLANG_WARN_NON_LITERAL_NULL_CONVERSION = YES;
				CLANG_WARN_OBJC_IMPLICIT_RETAIN_SELF = YES;
				CLANG_WARN_OBJC_LITERAL_CONVERSION = YES;
				CLANG_WARN_OBJC_ROOT_CLASS = YES_ERROR;
				CLANG_WARN_QUOTED_INCLUDE_IN_FRAMEWORK_HEADER = YES;
				CLANG_WARN_RANGE_LOOP_ANALYSIS = YES;
				CLANG_WARN_STRICT_PROTOTYPES = YES;
				CLANG_WARN_SUSPICIOUS_MOVE = YES;
				CLANG_WARN_UNGUARDED_AVAILABILITY = YES_AGGRESSIVE;
				CLANG_WARN_UNREACHABLE_CODE = YES;
				CLANG_WARN__DUPLICATE_METHOD_MATCH = YES;
				COPY_PHASE_STRIP = NO;
				DEBUG_INFORMATION_FORMAT = dwarf;
				ENABLE_STRICT_OBJC_MSGSEND = YES;
				ENABLE_TESTABILITY = YES;
				GCC_C_LANGUAGE_STANDARD = gnu11;
				GCC_DYNAMIC_NO_PIC = NO;
				GCC_NO_COMMON_BLOCKS = YES;
				GCC_OPTIMIZATION_LEVEL = 0;
				GCC_PREPROCESSOR_DEFINITIONS = (
					"DEBUG=1",
					"$(inherited)",
				);
				GCC_WARN_64_TO_32_BIT_CONVERSION = YES;
				GCC_WARN_ABOUT_RETURN_TYPE = YES_ERROR;
				GCC_WARN_UNDECLARED_SELECTOR = YES;
				GCC_WARN_UNINITIALIZED_AUTOS = YES_AGGRESSIVE;
				GCC_WARN_UNUSED_FUNCTION = YES;
				GCC_WARN_UNUSED_VARIABLE = YES;
				IPHONEOS_DEPLOYMENT_TARGET = 16.4;
				MTL_ENABLE_DEBUG_INFO = INCLUDE_SOURCE;
				MTL_FAST_MATH = YES;
				ONLY_ACTIVE_ARCH = YES;
				SDKROOT = iphoneos;
				SWIFT_ACTIVE_COMPILATION_CONDITIONS = DEBUG;
				SWIFT_OPTIMIZATION_LEVEL = "-Onone";
			};
			name = Debug;
		};
		BBB0F1D92AB22CE200BB3EB1 /* Release */ = {
			isa = XCBuildConfiguration;
			buildSettings = {
				ALWAYS_SEARCH_USER_PATHS = NO;
				CLANG_ANALYZER_NONNULL = YES;
				CLANG_ANALYZER_NUMBER_OBJECT_CONVERSION = YES_AGGRESSIVE;
				CLANG_CXX_LANGUAGE_STANDARD = "gnu++20";
				CLANG_ENABLE_MODULES = YES;
				CLANG_ENABLE_OBJC_ARC = YES;
				CLANG_ENABLE_OBJC_WEAK = YES;
				CLANG_WARN_BLOCK_CAPTURE_AUTORELEASING = YES;
				CLANG_WARN_BOOL_CONVERSION = YES;
				CLANG_WARN_COMMA = YES;
				CLANG_WARN_CONSTANT_CONVERSION = YES;
				CLANG_WARN_DEPRECATED_OBJC_IMPLEMENTATIONS = YES;
				CLANG_WARN_DIRECT_OBJC_ISA_USAGE = YES_ERROR;
				CLANG_WARN_DOCUMENTATION_COMMENTS = YES;
				CLANG_WARN_EMPTY_BODY = YES;
				CLANG_WARN_ENUM_CONVERSION = YES;
				CLANG_WARN_INFINITE_RECURSION = YES;
				CLANG_WARN_INT_CONVERSION = YES;
				CLANG_WARN_NON_LITERAL_NULL_CONVERSION = YES;
				CLANG_WARN_OBJC_IMPLICIT_RETAIN_SELF = YES;
				CLANG_WARN_OBJC_LITERAL_CONVERSION = YES;
				CLANG_WARN_OBJC_ROOT_CLASS = YES_ERROR;
				CLANG_WARN_QUOTED_INCLUDE_IN_FRAMEWORK_HEADER = YES;
				CLANG_WARN_RANGE_LOOP_ANALYSIS = YES;
				CLANG_WARN_STRICT_PROTOTYPES = YES;
				CLANG_WARN_SUSPICIOUS_MOVE = YES;
				CLANG_WARN_UNGUARDED_AVAILABILITY = YES_AGGRESSIVE;
				CLANG_WARN_UNREACHABLE_CODE = YES;
				CLANG_WARN__DUPLICATE_METHOD_MATCH = YES;
				COPY_PHASE_STRIP = NO;
				DEBUG_INFORMATION_FORMAT = "dwarf-with-dsym";
				ENABLE_NS_ASSERTIONS = NO;
				ENABLE_STRICT_OBJC_MSGSEND = YES;
				GCC_C_LANGUAGE_STANDARD = gnu11;
				GCC_NO_COMMON_BLOCKS = YES;
				GCC_WARN_64_TO_32_BIT_CONVERSION = YES;
				GCC_WARN_ABOUT_RETURN_TYPE = YES_ERROR;
				GCC_WARN_UNDECLARED_SELECTOR = YES;
				GCC_WARN_UNINITIALIZED_AUTOS = YES_AGGRESSIVE;
				GCC_WARN_UNUSED_FUNCTION = YES;
				GCC_WARN_UNUSED_VARIABLE = YES;
				IPHONEOS_DEPLOYMENT_TARGET = 16.4;
				MTL_ENABLE_DEBUG_INFO = NO;
				MTL_FAST_MATH = YES;
				SDKROOT = iphoneos;
				SWIFT_COMPILATION_MODE = wholemodule;
				SWIFT_OPTIMIZATION_LEVEL = "-O";
				VALIDATE_PRODUCT = YES;
			};
			name = Release;
		};
		BBB0F1DB2AB22CE200BB3EB1 /* Debug */ = {
			isa = XCBuildConfiguration;
			buildSettings = {
				ASSETCATALOG_COMPILER_APPICON_NAME = AppIcon;
				ASSETCATALOG_COMPILER_GLOBAL_ACCENT_COLOR_NAME = AccentColor;
				CODE_SIGN_STYLE = Automatic;
				CURRENT_PROJECT_VERSION = 1;
				DEVELOPMENT_ASSET_PATHS = "\"Pinch/Preview Content\"";
				DEVELOPMENT_TEAM = 25M8T65BNY;
				ENABLE_PREVIEWS = YES;
				GENERATE_INFOPLIST_FILE = YES;
				INFOPLIST_KEY_UIApplicationSceneManifest_Generation = YES;
				INFOPLIST_KEY_UIApplicationSupportsIndirectInputEvents = YES;
				INFOPLIST_KEY_UILaunchScreen_Generation = YES;
				INFOPLIST_KEY_UISupportedInterfaceOrientations = UIInterfaceOrientationPortrait;
				LD_RUNPATH_SEARCH_PATHS = (
					"$(inherited)",
					"@executable_path/Frameworks",
				);
				MARKETING_VERSION = 1.0;
				PRODUCT_BUNDLE_IDENTIFIER = com.kwesbot.Pinch;
				PRODUCT_NAME = "$(TARGET_NAME)";
				SWIFT_EMIT_LOC_STRINGS = YES;
				SWIFT_VERSION = 5.0;
				TARGETED_DEVICE_FAMILY = "1,2";
			};
			name = Debug;
		};
		BBB0F1DC2AB22CE200BB3EB1 /* Release */ = {
			isa = XCBuildConfiguration;
			buildSettings = {
				ASSETCATALOG_COMPILER_APPICON_NAME = AppIcon;
				ASSETCATALOG_COMPILER_GLOBAL_ACCENT_COLOR_NAME = AccentColor;
				CODE_SIGN_STYLE = Automatic;
				CURRENT_PROJECT_VERSION = 1;
				DEVELOPMENT_ASSET_PATHS = "\"Pinch/Preview Content\"";
				DEVELOPMENT_TEAM = 25M8T65BNY;
				ENABLE_PREVIEWS = YES;
				GENERATE_INFOPLIST_FILE = YES;
				INFOPLIST_KEY_UIApplicationSceneManifest_Generation = YES;
				INFOPLIST_KEY_UIApplicationSupportsIndirectInputEvents = YES;
				INFOPLIST_KEY_UILaunchScreen_Generation = YES;
				INFOPLIST_KEY_UISupportedInterfaceOrientations = UIInterfaceOrientationPortrait;
				LD_RUNPATH_SEARCH_PATHS = (
					"$(inherited)",
					"@executable_path/Frameworks",
				);
				MARKETING_VERSION = 1.0;
				PRODUCT_BUNDLE_IDENTIFIER = com.kwesbot.Pinch;
				PRODUCT_NAME = "$(TARGET_NAME)";
				SWIFT_EMIT_LOC_STRINGS = YES;
				SWIFT_VERSION = 5.0;
				TARGETED_DEVICE_FAMILY = "1,2";
			};
			name = Release;
		};
/* End XCBuildConfiguration section */

/* Begin XCConfigurationList section */
		BBB0F1C72AB22CDF00BB3EB1 /* Build configuration list for PBXProject "Pinch" */ = {
			isa = XCConfigurationList;
			buildConfigurations = (
				BBB0F1D82AB22CE200BB3EB1 /* Debug */,
				BBB0F1D92AB22CE200BB3EB1 /* Release */,
			);
			defaultConfigurationIsVisible = 0;
			defaultConfigurationName = Release;
		};
		BBB0F1DA2AB22CE200BB3EB1 /* Build configuration list for PBXNativeTarget "Pinch" */ = {
			isa = XCConfigurationList;
			buildConfigurations = (
				BBB0F1DB2AB22CE200BB3EB1 /* Debug */,
				BBB0F1DC2AB22CE200BB3EB1 /* Release */,
			);
			defaultConfigurationIsVisible = 0;
			defaultConfigurationName = Release;
		};
/* End XCConfigurationList section */
	};
	rootObject = BBB0F1C42AB22CDF00BB3EB1 /* Project object */;
}
