// !$*UTF8*$!
{
	archiveVersion = 1;
	classes = {
	};
	objectVersion = 56;
	objects = {

/* Begin PBXBuildFile section */
		C557AE6F2AEB403500538341 /* FructusApp.swift in Sources */ = {isa = PBXBuildFile; fileRef = C557AE6E2AEB403500538341 /* FructusApp.swift */; };
		C557AE712AEB403500538341 /* ContentView.swift in Sources */ = {isa = PBXBuildFile; fileRef = C557AE702AEB403500538341 /* ContentView.swift */; };
		C557AE732AEB403700538341 /* Assets.xcassets in Resources */ = {isa = PBXBuildFile; fileRef = C557AE722AEB403700538341 /* Assets.xcassets */; };
		C557AE762AEB403700538341 /* Preview Assets.xcassets in Resources */ = {isa = PBXBuildFile; fileRef = C557AE752AEB403700538341 /* Preview Assets.xcassets */; };
		C557AE7F2AF20E7400538341 /* FruitCardView.swift in Sources */ = {isa = PBXBuildFile; fileRef = C557AE7E2AF20E7400538341 /* FruitCardView.swift */; };
		C557AE812AF2226400538341 /* StartButtonView.swift in Sources */ = {isa = PBXBuildFile; fileRef = C557AE802AF2226400538341 /* StartButtonView.swift */; };
		C557AE832AF4A78200538341 /* OnboardingView.swift in Sources */ = {isa = PBXBuildFile; fileRef = C557AE822AF4A78200538341 /* OnboardingView.swift */; };
		C557AE862AF4B6BB00538341 /* FruitModel.swift in Sources */ = {isa = PBXBuildFile; fileRef = C557AE852AF4B6BB00538341 /* FruitModel.swift */; };
		C557AE892AF4B96A00538341 /* FruitData.swift in Sources */ = {isa = PBXBuildFile; fileRef = C557AE882AF4B96A00538341 /* FruitData.swift */; };
		C557AE8B2AF5560400538341 /* FruitRowView.swift in Sources */ = {isa = PBXBuildFile; fileRef = C557AE8A2AF5560400538341 /* FruitRowView.swift */; };
		C58A26E42AFB0379006A8438 /* FruitDetailView.swift in Sources */ = {isa = PBXBuildFile; fileRef = C58A26E32AFB0379006A8438 /* FruitDetailView.swift */; };
		C58A26E62AFB201A006A8438 /* FruitHeaderView.swift in Sources */ = {isa = PBXBuildFile; fileRef = C58A26E52AFB201A006A8438 /* FruitHeaderView.swift */; };
		C58A26E82AFB660C006A8438 /* SourceLinkView.swift in Sources */ = {isa = PBXBuildFile; fileRef = C58A26E72AFB660C006A8438 /* SourceLinkView.swift */; };
		C58A26EA2AFCAD3B006A8438 /* FruitNutrientsView.swift in Sources */ = {isa = PBXBuildFile; fileRef = C58A26E92AFCAD3B006A8438 /* FruitNutrientsView.swift */; };
		C58A26EC2AFD1332006A8438 /* SettingsView.swift in Sources */ = {isa = PBXBuildFile; fileRef = C58A26EB2AFD1332006A8438 /* SettingsView.swift */; };
/* End PBXBuildFile section */

/* Begin PBXFileReference section */
		C557AE6B2AEB403500538341 /* Fructus.app */ = {isa = PBXFileReference; explicitFileType = wrapper.application; includeInIndex = 0; path = Fructus.app; sourceTree = BUILT_PRODUCTS_DIR; };
		C557AE6E2AEB403500538341 /* FructusApp.swift */ = {isa = PBXFileReference; lastKnownFileType = sourcecode.swift; path = FructusApp.swift; sourceTree = "<group>"; };
		C557AE702AEB403500538341 /* ContentView.swift */ = {isa = PBXFileReference; lastKnownFileType = sourcecode.swift; path = ContentView.swift; sourceTree = "<group>"; };
		C557AE722AEB403700538341 /* Assets.xcassets */ = {isa = PBXFileReference; lastKnownFileType = folder.assetcatalog; path = Assets.xcassets; sourceTree = "<group>"; };
		C557AE752AEB403700538341 /* Preview Assets.xcassets */ = {isa = PBXFileReference; lastKnownFileType = folder.assetcatalog; path = "Preview Assets.xcassets"; sourceTree = "<group>"; };
		C557AE7E2AF20E7400538341 /* FruitCardView.swift */ = {isa = PBXFileReference; lastKnownFileType = sourcecode.swift; path = FruitCardView.swift; sourceTree = "<group>"; };
		C557AE802AF2226400538341 /* StartButtonView.swift */ = {isa = PBXFileReference; lastKnownFileType = sourcecode.swift; path = StartButtonView.swift; sourceTree = "<group>"; };
		C557AE822AF4A78200538341 /* OnboardingView.swift */ = {isa = PBXFileReference; lastKnownFileType = sourcecode.swift; path = OnboardingView.swift; sourceTree = "<group>"; };
		C557AE852AF4B6BB00538341 /* FruitModel.swift */ = {isa = PBXFileReference; lastKnownFileType = sourcecode.swift; path = FruitModel.swift; sourceTree = "<group>"; };
		C557AE882AF4B96A00538341 /* FruitData.swift */ = {isa = PBXFileReference; lastKnownFileType = sourcecode.swift; path = FruitData.swift; sourceTree = "<group>"; };
		C557AE8A2AF5560400538341 /* FruitRowView.swift */ = {isa = PBXFileReference; lastKnownFileType = sourcecode.swift; path = FruitRowView.swift; sourceTree = "<group>"; };
		C58A26E32AFB0379006A8438 /* FruitDetailView.swift */ = {isa = PBXFileReference; lastKnownFileType = sourcecode.swift; path = FruitDetailView.swift; sourceTree = "<group>"; };
		C58A26E52AFB201A006A8438 /* FruitHeaderView.swift */ = {isa = PBXFileReference; lastKnownFileType = sourcecode.swift; path = FruitHeaderView.swift; sourceTree = "<group>"; };
		C58A26E72AFB660C006A8438 /* SourceLinkView.swift */ = {isa = PBXFileReference; lastKnownFileType = sourcecode.swift; path = SourceLinkView.swift; sourceTree = "<group>"; };
		C58A26E92AFCAD3B006A8438 /* FruitNutrientsView.swift */ = {isa = PBXFileReference; lastKnownFileType = sourcecode.swift; path = FruitNutrientsView.swift; sourceTree = "<group>"; };
		C58A26EB2AFD1332006A8438 /* SettingsView.swift */ = {isa = PBXFileReference; lastKnownFileType = sourcecode.swift; path = SettingsView.swift; sourceTree = "<group>"; };
/* End PBXFileReference section */

/* Begin PBXFrameworksBuildPhase section */
		C557AE682AEB403500538341 /* Frameworks */ = {
			isa = PBXFrameworksBuildPhase;
			buildActionMask = 2147483647;
			files = (
			);
			runOnlyForDeploymentPostprocessing = 0;
		};
/* End PBXFrameworksBuildPhase section */

/* Begin PBXGroup section */
		C557AE622AEB403500538341 = {
			isa = PBXGroup;
			children = (
				C557AE6D2AEB403500538341 /* Fructus */,
				C557AE6C2AEB403500538341 /* Products */,
			);
			sourceTree = "<group>";
		};
		C557AE6C2AEB403500538341 /* Products */ = {
			isa = PBXGroup;
			children = (
				C557AE6B2AEB403500538341 /* Fructus.app */,
			);
			name = Products;
			sourceTree = "<group>";
		};
		C557AE6D2AEB403500538341 /* Fructus */ = {
			isa = PBXGroup;
			children = (
				C557AE872AF4B91400538341 /* Data */,
				C557AE842AF4B68100538341 /* Model */,
				C557AE7D2AF20E1000538341 /* View */,
				C557AE7C2AF20CF700538341 /* App */,
				C557AE722AEB403700538341 /* Assets.xcassets */,
				C557AE742AEB403700538341 /* Preview Content */,
			);
			path = Fructus;
			sourceTree = "<group>";
		};
		C557AE742AEB403700538341 /* Preview Content */ = {
			isa = PBXGroup;
			children = (
				C557AE752AEB403700538341 /* Preview Assets.xcassets */,
			);
			path = "Preview Content";
			sourceTree = "<group>";
		};
		C557AE7C2AF20CF700538341 /* App */ = {
			isa = PBXGroup;
			children = (
				C557AE6E2AEB403500538341 /* FructusApp.swift */,
				C557AE702AEB403500538341 /* ContentView.swift */,
				C557AE822AF4A78200538341 /* OnboardingView.swift */,
				C58A26E32AFB0379006A8438 /* FruitDetailView.swift */,
				C58A26EB2AFD1332006A8438 /* SettingsView.swift */,
			);
			path = App;
			sourceTree = "<group>";
		};
		C557AE7D2AF20E1000538341 /* View */ = {
			isa = PBXGroup;
			children = (
				C557AE7E2AF20E7400538341 /* FruitCardView.swift */,
				C557AE802AF2226400538341 /* StartButtonView.swift */,
				C557AE8A2AF5560400538341 /* FruitRowView.swift */,
				C58A26E52AFB201A006A8438 /* FruitHeaderView.swift */,
				C58A26E72AFB660C006A8438 /* SourceLinkView.swift */,
				C58A26E92AFCAD3B006A8438 /* FruitNutrientsView.swift */,
			);
			path = View;
			sourceTree = "<group>";
		};
		C557AE842AF4B68100538341 /* Model */ = {
			isa = PBXGroup;
			children = (
				C557AE852AF4B6BB00538341 /* FruitModel.swift */,
			);
			path = Model;
			sourceTree = "<group>";
		};
		C557AE872AF4B91400538341 /* Data */ = {
			isa = PBXGroup;
			children = (
				C557AE882AF4B96A00538341 /* FruitData.swift */,
			);
			path = Data;
			sourceTree = "<group>";
		};
/* End PBXGroup section */

/* Begin PBXNativeTarget section */
		C557AE6A2AEB403500538341 /* Fructus */ = {
			isa = PBXNativeTarget;
			buildConfigurationList = C557AE792AEB403700538341 /* Build configuration list for PBXNativeTarget "Fructus" */;
			buildPhases = (
				C557AE672AEB403500538341 /* Sources */,
				C557AE682AEB403500538341 /* Frameworks */,
				C557AE692AEB403500538341 /* Resources */,
			);
			buildRules = (
			);
			dependencies = (
			);
			name = Fructus;
			productName = Fructus;
			productReference = C557AE6B2AEB403500538341 /* Fructus.app */;
			productType = "com.apple.product-type.application";
		};
/* End PBXNativeTarget section */

/* Begin PBXProject section */
		C557AE632AEB403500538341 /* Project object */ = {
			isa = PBXProject;
			attributes = {
				BuildIndependentTargetsInParallel = 1;
				LastSwiftUpdateCheck = 1500;
				LastUpgradeCheck = 1500;
				TargetAttributes = {
					C557AE6A2AEB403500538341 = {
						CreatedOnToolsVersion = 15.0.1;
					};
				};
			};
			buildConfigurationList = C557AE662AEB403500538341 /* Build configuration list for PBXProject "Fructus" */;
			compatibilityVersion = "Xcode 14.0";
			developmentRegion = en;
			hasScannedForEncodings = 0;
			knownRegions = (
				en,
				Base,
			);
			mainGroup = C557AE622AEB403500538341;
			productRefGroup = C557AE6C2AEB403500538341 /* Products */;
			projectDirPath = "";
			projectRoot = "";
			targets = (
				C557AE6A2AEB403500538341 /* Fructus */,
			);
		};
/* End PBXProject section */

/* Begin PBXResourcesBuildPhase section */
		C557AE692AEB403500538341 /* Resources */ = {
			isa = PBXResourcesBuildPhase;
			buildActionMask = 2147483647;
			files = (
				C557AE762AEB403700538341 /* Preview Assets.xcassets in Resources */,
				C557AE732AEB403700538341 /* Assets.xcassets in Resources */,
			);
			runOnlyForDeploymentPostprocessing = 0;
		};
/* End PBXResourcesBuildPhase section */

/* Begin PBXSourcesBuildPhase section */
		C557AE672AEB403500538341 /* Sources */ = {
			isa = PBXSourcesBuildPhase;
			buildActionMask = 2147483647;
			files = (
				C557AE892AF4B96A00538341 /* FruitData.swift in Sources */,
				C58A26E82AFB660C006A8438 /* SourceLinkView.swift in Sources */,
				C557AE7F2AF20E7400538341 /* FruitCardView.swift in Sources */,
				C557AE8B2AF5560400538341 /* FruitRowView.swift in Sources */,
				C58A26EA2AFCAD3B006A8438 /* FruitNutrientsView.swift in Sources */,
				C557AE812AF2226400538341 /* StartButtonView.swift in Sources */,
				C58A26E42AFB0379006A8438 /* FruitDetailView.swift in Sources */,
				C557AE712AEB403500538341 /* ContentView.swift in Sources */,
				C58A26E62AFB201A006A8438 /* FruitHeaderView.swift in Sources */,
				C557AE832AF4A78200538341 /* OnboardingView.swift in Sources */,
				C557AE862AF4B6BB00538341 /* FruitModel.swift in Sources */,
				C557AE6F2AEB403500538341 /* FructusApp.swift in Sources */,
				C58A26EC2AFD1332006A8438 /* SettingsView.swift in Sources */,
			);
			runOnlyForDeploymentPostprocessing = 0;
		};
/* End PBXSourcesBuildPhase section */

/* Begin XCBuildConfiguration section */
		C557AE772AEB403700538341 /* Debug */ = {
			isa = XCBuildConfiguration;
			buildSettings = {
				ALWAYS_SEARCH_USER_PATHS = NO;
				ASSETCATALOG_COMPILER_GENERATE_SWIFT_ASSET_SYMBOL_EXTENSIONS = YES;
				CLANG_ANALYZER_NONNULL = YES;
				CLANG_ANALYZER_NUMBER_OBJECT_CONVERSION = YES_AGGRESSIVE;
				CLANG_CXX_LANGUAGE_STANDARD = "gnu++20";
				CLANG_ENABLE_MODULES = YES;
				CLANG_ENABLE_OBJC_ARC = YES;
				CLANG_ENABLE_OBJC_WEAK = YES;
				CLANG_WARN_BLOCK_CAPTURE_AUTORELEASING = YES;
				CLANG_WARN_BOOL_CONVERSION = YES;
				CLANG_WARN_COMMA = YES;
				CLANG_WARN_CONSTANT_CONVERSION = YES;
				CLANG_WARN_DEPRECATED_OBJC_IMPLEMENTATIONS = YES;
				CLANG_WARN_DIRECT_OBJC_ISA_USAGE = YES_ERROR;
				CLANG_WARN_DOCUMENTATION_COMMENTS = YES;
				CLANG_WARN_EMPTY_BODY = YES;
				CLANG_WARN_ENUM_CONVERSION = YES;
				CLANG_WARN_INFINITE_RECURSION = YES;
				CLANG_WARN_INT_CONVERSION = YES;
				CLANG_WARN_NON_LITERAL_NULL_CONVERSION = YES;
				CLANG_WARN_OBJC_IMPLICIT_RETAIN_SELF = YES;
				CLANG_WARN_OBJC_LITERAL_CONVERSION = YES;
				CLANG_WARN_OBJC_ROOT_CLASS = YES_ERROR;
				CLANG_WARN_QUOTED_INCLUDE_IN_FRAMEWORK_HEADER = YES;
				CLANG_WARN_RANGE_LOOP_ANALYSIS = YES;
				CLANG_WARN_STRICT_PROTOTYPES = YES;
				CLANG_WARN_SUSPICIOUS_MOVE = YES;
				CLANG_WARN_UNGUARDED_AVAILABILITY = YES_AGGRESSIVE;
				CLANG_WARN_UNREACHABLE_CODE = YES;
				CLANG_WARN__DUPLICATE_METHOD_MATCH = YES;
				COPY_PHASE_STRIP = NO;
				DEBUG_INFORMATION_FORMAT = dwarf;
				ENABLE_STRICT_OBJC_MSGSEND = YES;
				ENABLE_TESTABILITY = YES;
				ENABLE_USER_SCRIPT_SANDBOXING = YES;
				GCC_C_LANGUAGE_STANDARD = gnu17;
				GCC_DYNAMIC_NO_PIC = NO;
				GCC_NO_COMMON_BLOCKS = YES;
				GCC_OPTIMIZATION_LEVEL = 0;
				GCC_PREPROCESSOR_DEFINITIONS = (
					"DEBUG=1",
					"$(inherited)",
				);
				GCC_WARN_64_TO_32_BIT_CONVERSION = YES;
				GCC_WARN_ABOUT_RETURN_TYPE = YES_ERROR;
				GCC_WARN_UNDECLARED_SELECTOR = YES;
				GCC_WARN_UNINITIALIZED_AUTOS = YES_AGGRESSIVE;
				GCC_WARN_UNUSED_FUNCTION = YES;
				GCC_WARN_UNUSED_VARIABLE = YES;
				IPHONEOS_DEPLOYMENT_TARGET = 17.0;
				LOCALIZATION_PREFERS_STRING_CATALOGS = YES;
				MTL_ENABLE_DEBUG_INFO = INCLUDE_SOURCE;
				MTL_FAST_MATH = YES;
				ONLY_ACTIVE_ARCH = YES;
				SDKROOT = iphoneos;
				SWIFT_ACTIVE_COMPILATION_CONDITIONS = "DEBUG $(inherited)";
				SWIFT_OPTIMIZATION_LEVEL = "-Onone";
			};
			name = Debug;
		};
		C557AE782AEB403700538341 /* Release */ = {
			isa = XCBuildConfiguration;
			buildSettings = {
				ALWAYS_SEARCH_USER_PATHS = NO;
				ASSETCATALOG_COMPILER_GENERATE_SWIFT_ASSET_SYMBOL_EXTENSIONS = YES;
				CLANG_ANALYZER_NONNULL = YES;
				CLANG_ANALYZER_NUMBER_OBJECT_CONVERSION = YES_AGGRESSIVE;
				CLANG_CXX_LANGUAGE_STANDARD = "gnu++20";
				CLANG_ENABLE_MODULES = YES;
				CLANG_ENABLE_OBJC_ARC = YES;
				CLANG_ENABLE_OBJC_WEAK = YES;
				CLANG_WARN_BLOCK_CAPTURE_AUTORELEASING = YES;
				CLANG_WARN_BOOL_CONVERSION = YES;
				CLANG_WARN_COMMA = YES;
				CLANG_WARN_CONSTANT_CONVERSION = YES;
				CLANG_WARN_DEPRECATED_OBJC_IMPLEMENTATIONS = YES;
				CLANG_WARN_DIRECT_OBJC_ISA_USAGE = YES_ERROR;
				CLANG_WARN_DOCUMENTATION_COMMENTS = YES;
				CLANG_WARN_EMPTY_BODY = YES;
				CLANG_WARN_ENUM_CONVERSION = YES;
				CLANG_WARN_INFINITE_RECURSION = YES;
				CLANG_WARN_INT_CONVERSION = YES;
				CLANG_WARN_NON_LITERAL_NULL_CONVERSION = YES;
				CLANG_WARN_OBJC_IMPLICIT_RETAIN_SELF = YES;
				CLANG_WARN_OBJC_LITERAL_CONVERSION = YES;
				CLANG_WARN_OBJC_ROOT_CLASS = YES_ERROR;
				CLANG_WARN_QUOTED_INCLUDE_IN_FRAMEWORK_HEADER = YES;
				CLANG_WARN_RANGE_LOOP_ANALYSIS = YES;
				CLANG_WARN_STRICT_PROTOTYPES = YES;
				CLANG_WARN_SUSPICIOUS_MOVE = YES;
				CLANG_WARN_UNGUARDED_AVAILABILITY = YES_AGGRESSIVE;
				CLANG_WARN_UNREACHABLE_CODE = YES;
				CLANG_WARN__DUPLICATE_METHOD_MATCH = YES;
				COPY_PHASE_STRIP = NO;
				DEBUG_INFORMATION_FORMAT = "dwarf-with-dsym";
				ENABLE_NS_ASSERTIONS = NO;
				ENABLE_STRICT_OBJC_MSGSEND = YES;
				ENABLE_USER_SCRIPT_SANDBOXING = YES;
				GCC_C_LANGUAGE_STANDARD = gnu17;
				GCC_NO_COMMON_BLOCKS = YES;
				GCC_WARN_64_TO_32_BIT_CONVERSION = YES;
				GCC_WARN_ABOUT_RETURN_TYPE = YES_ERROR;
				GCC_WARN_UNDECLARED_SELECTOR = YES;
				GCC_WARN_UNINITIALIZED_AUTOS = YES_AGGRESSIVE;
				GCC_WARN_UNUSED_FUNCTION = YES;
				GCC_WARN_UNUSED_VARIABLE = YES;
				IPHONEOS_DEPLOYMENT_TARGET = 17.0;
				LOCALIZATION_PREFERS_STRING_CATALOGS = YES;
				MTL_ENABLE_DEBUG_INFO = NO;
				MTL_FAST_MATH = YES;
				SDKROOT = iphoneos;
				SWIFT_COMPILATION_MODE = wholemodule;
				VALIDATE_PRODUCT = YES;
			};
			name = Release;
		};
		C557AE7A2AEB403700538341 /* Debug */ = {
			isa = XCBuildConfiguration;
			buildSettings = {
				ASSETCATALOG_COMPILER_APPICON_NAME = AppIcon;
				ASSETCATALOG_COMPILER_GLOBAL_ACCENT_COLOR_NAME = AccentColor;
				CODE_SIGN_STYLE = Automatic;
				CURRENT_PROJECT_VERSION = 1;
				DEVELOPMENT_ASSET_PATHS = "\"Fructus/Preview Content\"";
				DEVELOPMENT_TEAM = 25M8T65BNY;
				ENABLE_PREVIEWS = YES;
				GENERATE_INFOPLIST_FILE = YES;
				INFOPLIST_KEY_UIApplicationSceneManifest_Generation = YES;
				INFOPLIST_KEY_UIApplicationSupportsIndirectInputEvents = YES;
				INFOPLIST_KEY_UILaunchScreen_Generation = YES;
				INFOPLIST_KEY_UISupportedInterfaceOrientations = UIInterfaceOrientationPortrait;
				IPHONEOS_DEPLOYMENT_TARGET = 15.0;
				LD_RUNPATH_SEARCH_PATHS = (
					"$(inherited)",
					"@executable_path/Frameworks",
				);
				MARKETING_VERSION = 1.0;
				PRODUCT_BUNDLE_IDENTIFIER = com.kwesbot.Fructus;
				PRODUCT_NAME = "$(TARGET_NAME)";
				SWIFT_EMIT_LOC_STRINGS = YES;
				SWIFT_VERSION = 5.0;
				TARGETED_DEVICE_FAMILY = "1,2";
			};
			name = Debug;
		};
		C557AE7B2AEB403700538341 /* Release */ = {
			isa = XCBuildConfiguration;
			buildSettings = {
				ASSETCATALOG_COMPILER_APPICON_NAME = AppIcon;
				ASSETCATALOG_COMPILER_GLOBAL_ACCENT_COLOR_NAME = AccentColor;
				CODE_SIGN_STYLE = Automatic;
				CURRENT_PROJECT_VERSION = 1;
				DEVELOPMENT_ASSET_PATHS = "\"Fructus/Preview Content\"";
				DEVELOPMENT_TEAM = 25M8T65BNY;
				ENABLE_PREVIEWS = YES;
				GENERATE_INFOPLIST_FILE = YES;
				INFOPLIST_KEY_UIApplicationSceneManifest_Generation = YES;
				INFOPLIST_KEY_UIApplicationSupportsIndirectInputEvents = YES;
				INFOPLIST_KEY_UILaunchScreen_Generation = YES;
				INFOPLIST_KEY_UISupportedInterfaceOrientations = UIInterfaceOrientationPortrait;
				IPHONEOS_DEPLOYMENT_TARGET = 15.0;
				LD_RUNPATH_SEARCH_PATHS = (
					"$(inherited)",
					"@executable_path/Frameworks",
				);
				MARKETING_VERSION = 1.0;
				PRODUCT_BUNDLE_IDENTIFIER = com.kwesbot.Fructus;
				PRODUCT_NAME = "$(TARGET_NAME)";
				SWIFT_EMIT_LOC_STRINGS = YES;
				SWIFT_VERSION = 5.0;
				TARGETED_DEVICE_FAMILY = "1,2";
			};
			name = Release;
		};
/* End XCBuildConfiguration section */

/* Begin XCConfigurationList section */
		C557AE662AEB403500538341 /* Build configuration list for PBXProject "Fructus" */ = {
			isa = XCConfigurationList;
			buildConfigurations = (
				C557AE772AEB403700538341 /* Debug */,
				C557AE782AEB403700538341 /* Release */,
			);
			defaultConfigurationIsVisible = 0;
			defaultConfigurationName = Release;
		};
		C557AE792AEB403700538341 /* Build configuration list for PBXNativeTarget "Fructus" */ = {
			isa = XCConfigurationList;
			buildConfigurations = (
				C557AE7A2AEB403700538341 /* Debug */,
				C557AE7B2AEB403700538341 /* Release */,
			);
			defaultConfigurationIsVisible = 0;
			defaultConfigurationName = Release;
		};
/* End XCConfigurationList section */
	};
	rootObject = C557AE632AEB403500538341 /* Project object */;
}
