// !$*UTF8*$!
{
	archiveVersion = 1;
	classes = {
	};
	objectVersion = 56;
	objects = {

/* Begin PBXBuildFile section */
		C5C5FD1D2A97FEE600EBF683 /* RestartApp.swift in Sources */ = {isa = PBXBuildFile; fileRef = C5C5FD1C2A97FEE600EBF683 /* RestartApp.swift */; };
		C5C5FD1F2A97FEE600EBF683 /* ContentView.swift in Sources */ = {isa = PBXBuildFile; fileRef = C5C5FD1E2A97FEE600EBF683 /* ContentView.swift */; };
		C5C5FD212A97FEE800EBF683 /* Assets.xcassets in Resources */ = {isa = PBXBuildFile; fileRef = C5C5FD202A97FEE800EBF683 /* Assets.xcassets */; };
		C5C5FD242A97FEE800EBF683 /* Preview Assets.xcassets in Resources */ = {isa = PBXBuildFile; fileRef = C5C5FD232A97FEE800EBF683 /* Preview Assets.xcassets */; };
		C5C5FD2C2A9800A800EBF683 /* chimeup.mp3 in Resources */ = {isa = PBXBuildFile; fileRef = C5C5FD2A2A9800A700EBF683 /* chimeup.mp3 */; };
		C5C5FD2D2A9800A800EBF683 /* success.m4a in Resources */ = {isa = PBXBuildFile; fileRef = C5C5FD2B2A9800A800EBF683 /* success.m4a */; };
		C5C5FD342A98086C00EBF683 /* OnboardingView.swift in Sources */ = {isa = PBXBuildFile; fileRef = C5C5FD332A98086C00EBF683 /* OnboardingView.swift */; };
		C5C5FD362A98089C00EBF683 /* HomeView.swift in Sources */ = {isa = PBXBuildFile; fileRef = C5C5FD352A98089C00EBF683 /* HomeView.swift */; };
		C5C5FD382A9D8ADD00EBF683 /* CircleGroupView.swift in Sources */ = {isa = PBXBuildFile; fileRef = C5C5FD372A9D8ADD00EBF683 /* CircleGroupView.swift */; };
		C5C5FD3A2AAC69C700EBF683 /* AudioPlayer.swift in Sources */ = {isa = PBXBuildFile; fileRef = C5C5FD392AAC69C700EBF683 /* AudioPlayer.swift */; };
/* End PBXBuildFile section */

/* Begin PBXFileReference section */
		C5C5FD192A97FEE600EBF683 /* Restart.app */ = {isa = PBXFileReference; explicitFileType = wrapper.application; includeInIndex = 0; path = Restart.app; sourceTree = BUILT_PRODUCTS_DIR; };
		C5C5FD1C2A97FEE600EBF683 /* RestartApp.swift */ = {isa = PBXFileReference; lastKnownFileType = sourcecode.swift; path = RestartApp.swift; sourceTree = "<group>"; };
		C5C5FD1E2A97FEE600EBF683 /* ContentView.swift */ = {isa = PBXFileReference; lastKnownFileType = sourcecode.swift; path = ContentView.swift; sourceTree = "<group>"; };
		C5C5FD202A97FEE800EBF683 /* Assets.xcassets */ = {isa = PBXFileReference; lastKnownFileType = folder.assetcatalog; path = Assets.xcassets; sourceTree = "<group>"; };
		C5C5FD232A97FEE800EBF683 /* Preview Assets.xcassets */ = {isa = PBXFileReference; lastKnownFileType = folder.assetcatalog; path = "Preview Assets.xcassets"; sourceTree = "<group>"; };
		C5C5FD2A2A9800A700EBF683 /* chimeup.mp3 */ = {isa = PBXFileReference; lastKnownFileType = audio.mp3; path = chimeup.mp3; sourceTree = "<group>"; };
		C5C5FD2B2A9800A800EBF683 /* success.m4a */ = {isa = PBXFileReference; lastKnownFileType = file; path = success.m4a; sourceTree = "<group>"; };
		C5C5FD322A9806F400EBF683 /* Info.plist */ = {isa = PBXFileReference; lastKnownFileType = text.plist; path = Info.plist; sourceTree = "<group>"; };
		C5C5FD332A98086C00EBF683 /* OnboardingView.swift */ = {isa = PBXFileReference; lastKnownFileType = sourcecode.swift; path = OnboardingView.swift; sourceTree = "<group>"; };
		C5C5FD352A98089C00EBF683 /* HomeView.swift */ = {isa = PBXFileReference; lastKnownFileType = sourcecode.swift; path = HomeView.swift; sourceTree = "<group>"; };
		C5C5FD372A9D8ADD00EBF683 /* CircleGroupView.swift */ = {isa = PBXFileReference; lastKnownFileType = sourcecode.swift; path = CircleGroupView.swift; sourceTree = "<group>"; };
		C5C5FD392AAC69C700EBF683 /* AudioPlayer.swift */ = {isa = PBXFileReference; lastKnownFileType = sourcecode.swift; path = AudioPlayer.swift; sourceTree = "<group>"; };
/* End PBXFileReference section */

/* Begin PBXFrameworksBuildPhase section */
		C5C5FD162A97FEE600EBF683 /* Frameworks */ = {
			isa = PBXFrameworksBuildPhase;
			buildActionMask = 2147483647;
			files = (
			);
			runOnlyForDeploymentPostprocessing = 0;
		};
/* End PBXFrameworksBuildPhase section */

/* Begin PBXGroup section */
		C5C5FD102A97FEE600EBF683 = {
			isa = PBXGroup;
			children = (
				C5C5FD1B2A97FEE600EBF683 /* Restart */,
				C5C5FD1A2A97FEE600EBF683 /* Products */,
			);
			sourceTree = "<group>";
		};
		C5C5FD1A2A97FEE600EBF683 /* Products */ = {
			isa = PBXGroup;
			children = (
				C5C5FD192A97FEE600EBF683 /* Restart.app */,
			);
			name = Products;
			sourceTree = "<group>";
		};
		C5C5FD1B2A97FEE600EBF683 /* Restart */ = {
			isa = PBXGroup;
			children = (
				C5C5FD322A9806F400EBF683 /* Info.plist */,
				C5C5FD312A9803EF00EBF683 /* Utilities */,
				C5C5FD302A9803C300EBF683 /* Views */,
				C5C5FD2E2A9800CC00EBF683 /* Sounds */,
				C5C5FD1C2A97FEE600EBF683 /* RestartApp.swift */,
				C5C5FD2F2A98039400EBF683 /* Screens */,
				C5C5FD202A97FEE800EBF683 /* Assets.xcassets */,
				C5C5FD222A97FEE800EBF683 /* Preview Content */,
			);
			path = Restart;
			sourceTree = "<group>";
		};
		C5C5FD222A97FEE800EBF683 /* Preview Content */ = {
			isa = PBXGroup;
			children = (
				C5C5FD232A97FEE800EBF683 /* Preview Assets.xcassets */,
			);
			path = "Preview Content";
			sourceTree = "<group>";
		};
		C5C5FD2E2A9800CC00EBF683 /* Sounds */ = {
			isa = PBXGroup;
			children = (
				C5C5FD2A2A9800A700EBF683 /* chimeup.mp3 */,
				C5C5FD2B2A9800A800EBF683 /* success.m4a */,
			);
			path = Sounds;
			sourceTree = "<group>";
		};
		C5C5FD2F2A98039400EBF683 /* Screens */ = {
			isa = PBXGroup;
			children = (
				C5C5FD1E2A97FEE600EBF683 /* ContentView.swift */,
				C5C5FD332A98086C00EBF683 /* OnboardingView.swift */,
				C5C5FD352A98089C00EBF683 /* HomeView.swift */,
			);
			path = Screens;
			sourceTree = "<group>";
		};
		C5C5FD302A9803C300EBF683 /* Views */ = {
			isa = PBXGroup;
			children = (
				C5C5FD372A9D8ADD00EBF683 /* CircleGroupView.swift */,
			);
			path = Views;
			sourceTree = "<group>";
		};
		C5C5FD312A9803EF00EBF683 /* Utilities */ = {
			isa = PBXGroup;
			children = (
				C5C5FD392AAC69C700EBF683 /* AudioPlayer.swift */,
			);
			path = Utilities;
			sourceTree = "<group>";
		};
/* End PBXGroup section */

/* Begin PBXNativeTarget section */
		C5C5FD182A97FEE600EBF683 /* Restart */ = {
			isa = PBXNativeTarget;
			buildConfigurationList = C5C5FD272A97FEE800EBF683 /* Build configuration list for PBXNativeTarget "Restart" */;
			buildPhases = (
				C5C5FD152A97FEE600EBF683 /* Sources */,
				C5C5FD162A97FEE600EBF683 /* Frameworks */,
				C5C5FD172A97FEE600EBF683 /* Resources */,
			);
			buildRules = (
			);
			dependencies = (
			);
			name = Restart;
			productName = Restart;
			productReference = C5C5FD192A97FEE600EBF683 /* Restart.app */;
			productType = "com.apple.product-type.application";
		};
/* End PBXNativeTarget section */

/* Begin PBXProject section */
		C5C5FD112A97FEE600EBF683 /* Project object */ = {
			isa = PBXProject;
			attributes = {
				BuildIndependentTargetsInParallel = 1;
				LastSwiftUpdateCheck = 1430;
				LastUpgradeCheck = 1430;
				TargetAttributes = {
					C5C5FD182A97FEE600EBF683 = {
						CreatedOnToolsVersion = 14.3.1;
					};
				};
			};
			buildConfigurationList = C5C5FD142A97FEE600EBF683 /* Build configuration list for PBXProject "Restart" */;
			compatibilityVersion = "Xcode 14.0";
			developmentRegion = en;
			hasScannedForEncodings = 0;
			knownRegions = (
				en,
				Base,
			);
			mainGroup = C5C5FD102A97FEE600EBF683;
			productRefGroup = C5C5FD1A2A97FEE600EBF683 /* Products */;
			projectDirPath = "";
			projectRoot = "";
			targets = (
				C5C5FD182A97FEE600EBF683 /* Restart */,
			);
		};
/* End PBXProject section */

/* Begin PBXResourcesBuildPhase section */
		C5C5FD172A97FEE600EBF683 /* Resources */ = {
			isa = PBXResourcesBuildPhase;
			buildActionMask = 2147483647;
			files = (
				C5C5FD2D2A9800A800EBF683 /* success.m4a in Resources */,
				C5C5FD2C2A9800A800EBF683 /* chimeup.mp3 in Resources */,
				C5C5FD242A97FEE800EBF683 /* Preview Assets.xcassets in Resources */,
				C5C5FD212A97FEE800EBF683 /* Assets.xcassets in Resources */,
			);
			runOnlyForDeploymentPostprocessing = 0;
		};
/* End PBXResourcesBuildPhase section */

/* Begin PBXSourcesBuildPhase section */
		C5C5FD152A97FEE600EBF683 /* Sources */ = {
			isa = PBXSourcesBuildPhase;
			buildActionMask = 2147483647;
			files = (
				C5C5FD382A9D8ADD00EBF683 /* CircleGroupView.swift in Sources */,
				C5C5FD342A98086C00EBF683 /* OnboardingView.swift in Sources */,
				C5C5FD362A98089C00EBF683 /* HomeView.swift in Sources */,
				C5C5FD1F2A97FEE600EBF683 /* ContentView.swift in Sources */,
				C5C5FD1D2A97FEE600EBF683 /* RestartApp.swift in Sources */,
				C5C5FD3A2AAC69C700EBF683 /* AudioPlayer.swift in Sources */,
			);
			runOnlyForDeploymentPostprocessing = 0;
		};
/* End PBXSourcesBuildPhase section */

/* Begin XCBuildConfiguration section */
		C5C5FD252A97FEE800EBF683 /* Debug */ = {
			isa = XCBuildConfiguration;
			buildSettings = {
				ALWAYS_SEARCH_USER_PATHS = NO;
				CLANG_ANALYZER_NONNULL = YES;
				CLANG_ANALYZER_NUMBER_OBJECT_CONVERSION = YES_AGGRESSIVE;
				CLANG_CXX_LANGUAGE_STANDARD = "gnu++20";
				CLANG_ENABLE_MODULES = YES;
				CLANG_ENABLE_OBJC_ARC = YES;
				CLANG_ENABLE_OBJC_WEAK = YES;
				CLANG_WARN_BLOCK_CAPTURE_AUTORELEASING = YES;
				CLANG_WARN_BOOL_CONVERSION = YES;
				CLANG_WARN_COMMA = YES;
				CLANG_WARN_CONSTANT_CONVERSION = YES;
				CLANG_WARN_DEPRECATED_OBJC_IMPLEMENTATIONS = YES;
				CLANG_WARN_DIRECT_OBJC_ISA_USAGE = YES_ERROR;
				CLANG_WARN_DOCUMENTATION_COMMENTS = YES;
				CLANG_WARN_EMPTY_BODY = YES;
				CLANG_WARN_ENUM_CONVERSION = YES;
				CLANG_WARN_INFINITE_RECURSION = YES;
				CLANG_WARN_INT_CONVERSION = YES;
				CLANG_WARN_NON_LITERAL_NULL_CONVERSION = YES;
				CLANG_WARN_OBJC_IMPLICIT_RETAIN_SELF = YES;
				CLANG_WARN_OBJC_LITERAL_CONVERSION = YES;
				CLANG_WARN_OBJC_ROOT_CLASS = YES_ERROR;
				CLANG_WARN_QUOTED_INCLUDE_IN_FRAMEWORK_HEADER = YES;
				CLANG_WARN_RANGE_LOOP_ANALYSIS = YES;
				CLANG_WARN_STRICT_PROTOTYPES = YES;
				CLANG_WARN_SUSPICIOUS_MOVE = YES;
				CLANG_WARN_UNGUARDED_AVAILABILITY = YES_AGGRESSIVE;
				CLANG_WARN_UNREACHABLE_CODE = YES;
				CLANG_WARN__DUPLICATE_METHOD_MATCH = YES;
				COPY_PHASE_STRIP = NO;
				DEBUG_INFORMATION_FORMAT = dwarf;
				ENABLE_STRICT_OBJC_MSGSEND = YES;
				ENABLE_TESTABILITY = YES;
				GCC_C_LANGUAGE_STANDARD = gnu11;
				GCC_DYNAMIC_NO_PIC = NO;
				GCC_NO_COMMON_BLOCKS = YES;
				GCC_OPTIMIZATION_LEVEL = 0;
				GCC_PREPROCESSOR_DEFINITIONS = (
					"DEBUG=1",
					"$(inherited)",
				);
				GCC_WARN_64_TO_32_BIT_CONVERSION = YES;
				GCC_WARN_ABOUT_RETURN_TYPE = YES_ERROR;
				GCC_WARN_UNDECLARED_SELECTOR = YES;
				GCC_WARN_UNINITIALIZED_AUTOS = YES_AGGRESSIVE;
				GCC_WARN_UNUSED_FUNCTION = YES;
				GCC_WARN_UNUSED_VARIABLE = YES;
				IPHONEOS_DEPLOYMENT_TARGET = 16.4;
				MTL_ENABLE_DEBUG_INFO = INCLUDE_SOURCE;
				MTL_FAST_MATH = YES;
				ONLY_ACTIVE_ARCH = YES;
				SDKROOT = iphoneos;
				SWIFT_ACTIVE_COMPILATION_CONDITIONS = DEBUG;
				SWIFT_OPTIMIZATION_LEVEL = "-Onone";
			};
			name = Debug;
		};
		C5C5FD262A97FEE800EBF683 /* Release */ = {
			isa = XCBuildConfiguration;
			buildSettings = {
				ALWAYS_SEARCH_USER_PATHS = NO;
				CLANG_ANALYZER_NONNULL = YES;
				CLANG_ANALYZER_NUMBER_OBJECT_CONVERSION = YES_AGGRESSIVE;
				CLANG_CXX_LANGUAGE_STANDARD = "gnu++20";
				CLANG_ENABLE_MODULES = YES;
				CLANG_ENABLE_OBJC_ARC = YES;
				CLANG_ENABLE_OBJC_WEAK = YES;
				CLANG_WARN_BLOCK_CAPTURE_AUTORELEASING = YES;
				CLANG_WARN_BOOL_CONVERSION = YES;
				CLANG_WARN_COMMA = YES;
				CLANG_WARN_CONSTANT_CONVERSION = YES;
				CLANG_WARN_DEPRECATED_OBJC_IMPLEMENTATIONS = YES;
				CLANG_WARN_DIRECT_OBJC_ISA_USAGE = YES_ERROR;
				CLANG_WARN_DOCUMENTATION_COMMENTS = YES;
				CLANG_WARN_EMPTY_BODY = YES;
				CLANG_WARN_ENUM_CONVERSION = YES;
				CLANG_WARN_INFINITE_RECURSION = YES;
				CLANG_WARN_INT_CONVERSION = YES;
				CLANG_WARN_NON_LITERAL_NULL_CONVERSION = YES;
				CLANG_WARN_OBJC_IMPLICIT_RETAIN_SELF = YES;
				CLANG_WARN_OBJC_LITERAL_CONVERSION = YES;
				CLANG_WARN_OBJC_ROOT_CLASS = YES_ERROR;
				CLANG_WARN_QUOTED_INCLUDE_IN_FRAMEWORK_HEADER = YES;
				CLANG_WARN_RANGE_LOOP_ANALYSIS = YES;
				CLANG_WARN_STRICT_PROTOTYPES = YES;
				CLANG_WARN_SUSPICIOUS_MOVE = YES;
				CLANG_WARN_UNGUARDED_AVAILABILITY = YES_AGGRESSIVE;
				CLANG_WARN_UNREACHABLE_CODE = YES;
				CLANG_WARN__DUPLICATE_METHOD_MATCH = YES;
				COPY_PHASE_STRIP = NO;
				DEBUG_INFORMATION_FORMAT = "dwarf-with-dsym";
				ENABLE_NS_ASSERTIONS = NO;
				ENABLE_STRICT_OBJC_MSGSEND = YES;
				GCC_C_LANGUAGE_STANDARD = gnu11;
				GCC_NO_COMMON_BLOCKS = YES;
				GCC_WARN_64_TO_32_BIT_CONVERSION = YES;
				GCC_WARN_ABOUT_RETURN_TYPE = YES_ERROR;
				GCC_WARN_UNDECLARED_SELECTOR = YES;
				GCC_WARN_UNINITIALIZED_AUTOS = YES_AGGRESSIVE;
				GCC_WARN_UNUSED_FUNCTION = YES;
				GCC_WARN_UNUSED_VARIABLE = YES;
				IPHONEOS_DEPLOYMENT_TARGET = 16.4;
				MTL_ENABLE_DEBUG_INFO = NO;
				MTL_FAST_MATH = YES;
				SDKROOT = iphoneos;
				SWIFT_COMPILATION_MODE = wholemodule;
				SWIFT_OPTIMIZATION_LEVEL = "-O";
				VALIDATE_PRODUCT = YES;
			};
			name = Release;
		};
		C5C5FD282A97FEE800EBF683 /* Debug */ = {
			isa = XCBuildConfiguration;
			buildSettings = {
				ASSETCATALOG_COMPILER_APPICON_NAME = AppIcon;
				ASSETCATALOG_COMPILER_GLOBAL_ACCENT_COLOR_NAME = AccentColor;
				CODE_SIGN_STYLE = Automatic;
				CURRENT_PROJECT_VERSION = 1;
				DEVELOPMENT_ASSET_PATHS = "\"Restart/Preview Content\"";
				DEVELOPMENT_TEAM = 25M8T65BNY;
				ENABLE_PREVIEWS = YES;
				GENERATE_INFOPLIST_FILE = YES;
				INFOPLIST_FILE = Restart/Info.plist;
				INFOPLIST_KEY_UIApplicationSceneManifest_Generation = YES;
				INFOPLIST_KEY_UIApplicationSupportsIndirectInputEvents = YES;
				INFOPLIST_KEY_UISupportedInterfaceOrientations = UIInterfaceOrientationPortrait;
				IPHONEOS_DEPLOYMENT_TARGET = 15.0;
				LD_RUNPATH_SEARCH_PATHS = (
					"$(inherited)",
					"@executable_path/Frameworks",
				);
				MARKETING_VERSION = 1.0;
				PRODUCT_BUNDLE_IDENTIFIER = com.kwesbot.Restart;
				PRODUCT_NAME = "$(TARGET_NAME)";
				SWIFT_EMIT_LOC_STRINGS = YES;
				SWIFT_VERSION = 5.0;
				TARGETED_DEVICE_FAMILY = "1,2";
			};
			name = Debug;
		};
		C5C5FD292A97FEE800EBF683 /* Release */ = {
			isa = XCBuildConfiguration;
			buildSettings = {
				ASSETCATALOG_COMPILER_APPICON_NAME = AppIcon;
				ASSETCATALOG_COMPILER_GLOBAL_ACCENT_COLOR_NAME = AccentColor;
				CODE_SIGN_STYLE = Automatic;
				CURRENT_PROJECT_VERSION = 1;
				DEVELOPMENT_ASSET_PATHS = "\"Restart/Preview Content\"";
				DEVELOPMENT_TEAM = 25M8T65BNY;
				ENABLE_PREVIEWS = YES;
				GENERATE_INFOPLIST_FILE = YES;
				INFOPLIST_FILE = Restart/Info.plist;
				INFOPLIST_KEY_UIApplicationSceneManifest_Generation = YES;
				INFOPLIST_KEY_UIApplicationSupportsIndirectInputEvents = YES;
				INFOPLIST_KEY_UISupportedInterfaceOrientations = UIInterfaceOrientationPortrait;
				IPHONEOS_DEPLOYMENT_TARGET = 15.0;
				LD_RUNPATH_SEARCH_PATHS = (
					"$(inherited)",
					"@executable_path/Frameworks",
				);
				MARKETING_VERSION = 1.0;
				PRODUCT_BUNDLE_IDENTIFIER = com.kwesbot.Restart;
				PRODUCT_NAME = "$(TARGET_NAME)";
				SWIFT_EMIT_LOC_STRINGS = YES;
				SWIFT_VERSION = 5.0;
				TARGETED_DEVICE_FAMILY = "1,2";
			};
			name = Release;
		};
/* End XCBuildConfiguration section */

/* Begin XCConfigurationList section */
		C5C5FD142A97FEE600EBF683 /* Build configuration list for PBXProject "Restart" */ = {
			isa = XCConfigurationList;
			buildConfigurations = (
				C5C5FD252A97FEE800EBF683 /* Debug */,
				C5C5FD262A97FEE800EBF683 /* Release */,
			);
			defaultConfigurationIsVisible = 0;
			defaultConfigurationName = Release;
		};
		C5C5FD272A97FEE800EBF683 /* Build configuration list for PBXNativeTarget "Restart" */ = {
			isa = XCConfigurationList;
			buildConfigurations = (
				C5C5FD282A97FEE800EBF683 /* Debug */,
				C5C5FD292A97FEE800EBF683 /* Release */,
			);
			defaultConfigurationIsVisible = 0;
			defaultConfigurationName = Release;
		};
/* End XCConfigurationList section */
	};
	rootObject = C5C5FD112A97FEE600EBF683 /* Project object */;
}
