// !$*UTF8*$!
{
	archiveVersion = 1;
	classes = {
	};
	objectVersion = 56;
	objects = {

/* Begin PBXBuildFile section */
		C506C0A92C595E1A00F6162B /* Slot_MachineApp.swift in Sources */ = {isa = PBXBuildFile; fileRef = C506C0A82C595E1A00F6162B /* Slot_MachineApp.swift */; };
		C506C0AB2C595E1A00F6162B /* ContentView.swift in Sources */ = {isa = PBXBuildFile; fileRef = C506C0AA2C595E1A00F6162B /* ContentView.swift */; };
		C506C0AD2C595E1C00F6162B /* Assets.xcassets in Resources */ = {isa = PBXBuildFile; fileRef = C506C0AC2C595E1C00F6162B /* Assets.xcassets */; };
		C506C0B12C595E1C00F6162B /* Preview Assets.xcassets in Resources */ = {isa = PBXBuildFile; fileRef = C506C0B02C595E1C00F6162B /* Preview Assets.xcassets */; };
		C506C0BF2C8799C500F6162B /* riseup.mp3 in Resources */ = {isa = PBXBuildFile; fileRef = C506C0B72C8799C400F6162B /* riseup.mp3 */; };
		C506C0C02C8799C500F6162B /* game-over.mp3 in Resources */ = {isa = PBXBuildFile; fileRef = C506C0B82C8799C500F6162B /* game-over.mp3 */; };
		C506C0C12C8799C500F6162B /* spin.mp3 in Resources */ = {isa = PBXBuildFile; fileRef = C506C0B92C8799C500F6162B /* spin.mp3 */; };
		C506C0C22C8799C500F6162B /* chimeup.mp3 in Resources */ = {isa = PBXBuildFile; fileRef = C506C0BA2C8799C500F6162B /* chimeup.mp3 */; };
		C506C0C32C8799C500F6162B /* casino-chips.mp3 in Resources */ = {isa = PBXBuildFile; fileRef = C506C0BB2C8799C500F6162B /* casino-chips.mp3 */; };
		C506C0C42C8799C500F6162B /* win.mp3 in Resources */ = {isa = PBXBuildFile; fileRef = C506C0BC2C8799C500F6162B /* win.mp3 */; };
		C506C0C52C8799C500F6162B /* high-score.mp3 in Resources */ = {isa = PBXBuildFile; fileRef = C506C0BD2C8799C500F6162B /* high-score.mp3 */; };
		C506C0C62C8799C500F6162B /* background-music.mp3 in Resources */ = {isa = PBXBuildFile; fileRef = C506C0BE2C8799C500F6162B /* background-music.mp3 */; };
		C5180EB12C87A09E00DEBC08 /* HelperOne.swift in Sources */ = {isa = PBXBuildFile; fileRef = C5180EB02C87A09E00DEBC08 /* HelperOne.swift */; };
/* End PBXBuildFile section */

/* Begin PBXFileReference section */
		C506C0A52C595E1A00F6162B /* Slot Machine.app */ = {isa = PBXFileReference; explicitFileType = wrapper.application; includeInIndex = 0; path = "Slot Machine.app"; sourceTree = BUILT_PRODUCTS_DIR; };
		C506C0A82C595E1A00F6162B /* Slot_MachineApp.swift */ = {isa = PBXFileReference; lastKnownFileType = sourcecode.swift; path = Slot_MachineApp.swift; sourceTree = "<group>"; };
		C506C0AA2C595E1A00F6162B /* ContentView.swift */ = {isa = PBXFileReference; lastKnownFileType = sourcecode.swift; path = ContentView.swift; sourceTree = "<group>"; };
		C506C0AC2C595E1C00F6162B /* Assets.xcassets */ = {isa = PBXFileReference; lastKnownFileType = folder.assetcatalog; path = Assets.xcassets; sourceTree = "<group>"; };
		C506C0AE2C595E1C00F6162B /* Slot_Machine.entitlements */ = {isa = PBXFileReference; lastKnownFileType = text.plist.entitlements; path = Slot_Machine.entitlements; sourceTree = "<group>"; };
		C506C0B02C595E1C00F6162B /* Preview Assets.xcassets */ = {isa = PBXFileReference; lastKnownFileType = folder.assetcatalog; path = "Preview Assets.xcassets"; sourceTree = "<group>"; };
		C506C0B72C8799C400F6162B /* riseup.mp3 */ = {isa = PBXFileReference; lastKnownFileType = audio.mp3; path = riseup.mp3; sourceTree = "<group>"; };
		C506C0B82C8799C500F6162B /* game-over.mp3 */ = {isa = PBXFileReference; lastKnownFileType = audio.mp3; path = "game-over.mp3"; sourceTree = "<group>"; };
		C506C0B92C8799C500F6162B /* spin.mp3 */ = {isa = PBXFileReference; lastKnownFileType = audio.mp3; path = spin.mp3; sourceTree = "<group>"; };
		C506C0BA2C8799C500F6162B /* chimeup.mp3 */ = {isa = PBXFileReference; lastKnownFileType = audio.mp3; path = chimeup.mp3; sourceTree = "<group>"; };
		C506C0BB2C8799C500F6162B /* casino-chips.mp3 */ = {isa = PBXFileReference; lastKnownFileType = audio.mp3; path = "casino-chips.mp3"; sourceTree = "<group>"; };
		C506C0BC2C8799C500F6162B /* win.mp3 */ = {isa = PBXFileReference; lastKnownFileType = audio.mp3; path = win.mp3; sourceTree = "<group>"; };
		C506C0BD2C8799C500F6162B /* high-score.mp3 */ = {isa = PBXFileReference; lastKnownFileType = audio.mp3; path = "high-score.mp3"; sourceTree = "<group>"; };
		C506C0BE2C8799C500F6162B /* background-music.mp3 */ = {isa = PBXFileReference; lastKnownFileType = audio.mp3; path = "background-music.mp3"; sourceTree = "<group>"; };
		C5180EB02C87A09E00DEBC08 /* HelperOne.swift */ = {isa = PBXFileReference; lastKnownFileType = sourcecode.swift; path = HelperOne.swift; sourceTree = "<group>"; };
		C5180EB22C87A78700DEBC08 /* Slot-Machine-Info.plist */ = {isa = PBXFileReference; lastKnownFileType = text.plist; path = "Slot-Machine-Info.plist"; sourceTree = SOURCE_ROOT; };
/* End PBXFileReference section */

/* Begin PBXFrameworksBuildPhase section */
		C506C0A22C595E1A00F6162B /* Frameworks */ = {
			isa = PBXFrameworksBuildPhase;
			buildActionMask = 2147483647;
			files = (
			);
			runOnlyForDeploymentPostprocessing = 0;
		};
/* End PBXFrameworksBuildPhase section */

/* Begin PBXGroup section */
		C506C09C2C595E1A00F6162B = {
			isa = PBXGroup;
			children = (
				C506C0A72C595E1A00F6162B /* Slot Machine */,
				C506C0A62C595E1A00F6162B /* Products */,
			);
			sourceTree = "<group>";
		};
		C506C0A62C595E1A00F6162B /* Products */ = {
			isa = PBXGroup;
			children = (
				C506C0A52C595E1A00F6162B /* Slot Machine.app */,
			);
			name = Products;
			sourceTree = "<group>";
		};
		C506C0A72C595E1A00F6162B /* Slot Machine */ = {
			isa = PBXGroup;
			children = (
				C5180EB22C87A78700DEBC08 /* Slot-Machine-Info.plist */,
				C5180EAF2C87A02D00DEBC08 /* Helpers */,
				C506C0C72C8799DD00F6162B /* Sounds */,
				C506C0A82C595E1A00F6162B /* Slot_MachineApp.swift */,
				C506C0C82C879A2100F6162B /* Views */,
				C506C0AC2C595E1C00F6162B /* Assets.xcassets */,
				C506C0AE2C595E1C00F6162B /* Slot_Machine.entitlements */,
				C506C0AF2C595E1C00F6162B /* Preview Content */,
			);
			path = "Slot Machine";
			sourceTree = "<group>";
		};
		C506C0AF2C595E1C00F6162B /* Preview Content */ = {
			isa = PBXGroup;
			children = (
				C506C0B02C595E1C00F6162B /* Preview Assets.xcassets */,
			);
			path = "Preview Content";
			sourceTree = "<group>";
		};
		C506C0C72C8799DD00F6162B /* Sounds */ = {
			isa = PBXGroup;
			children = (
				C506C0BE2C8799C500F6162B /* background-music.mp3 */,
				C506C0BB2C8799C500F6162B /* casino-chips.mp3 */,
				C506C0BA2C8799C500F6162B /* chimeup.mp3 */,
				C506C0B82C8799C500F6162B /* game-over.mp3 */,
				C506C0BD2C8799C500F6162B /* high-score.mp3 */,
				C506C0B72C8799C400F6162B /* riseup.mp3 */,
				C506C0B92C8799C500F6162B /* spin.mp3 */,
				C506C0BC2C8799C500F6162B /* win.mp3 */,
			);
			path = Sounds;
			sourceTree = "<group>";
		};
		C506C0C82C879A2100F6162B /* Views */ = {
			isa = PBXGroup;
			children = (
				C506C0AA2C595E1A00F6162B /* ContentView.swift */,
			);
			path = Views;
			sourceTree = "<group>";
		};
		C5180EAF2C87A02D00DEBC08 /* Helpers */ = {
			isa = PBXGroup;
			children = (
				C5180EB02C87A09E00DEBC08 /* HelperOne.swift */,
			);
			path = Helpers;
			sourceTree = "<group>";
		};
/* End PBXGroup section */

/* Begin PBXNativeTarget section */
		C506C0A42C595E1A00F6162B /* Slot Machine */ = {
			isa = PBXNativeTarget;
			buildConfigurationList = C506C0B42C595E1C00F6162B /* Build configuration list for PBXNativeTarget "Slot Machine" */;
			buildPhases = (
				C506C0A12C595E1A00F6162B /* Sources */,
				C506C0A22C595E1A00F6162B /* Frameworks */,
				C506C0A32C595E1A00F6162B /* Resources */,
			);
			buildRules = (
			);
			dependencies = (
			);
			name = "Slot Machine";
			productName = "Slot Machine";
			productReference = C506C0A52C595E1A00F6162B /* Slot Machine.app */;
			productType = "com.apple.product-type.application";
		};
/* End PBXNativeTarget section */

/* Begin PBXProject section */
		C506C09D2C595E1A00F6162B /* Project object */ = {
			isa = PBXProject;
			attributes = {
				BuildIndependentTargetsInParallel = 1;
				LastSwiftUpdateCheck = 1540;
				LastUpgradeCheck = 1540;
				TargetAttributes = {
					C506C0A42C595E1A00F6162B = {
						CreatedOnToolsVersion = 15.4;
					};
				};
			};
			buildConfigurationList = C506C0A02C595E1A00F6162B /* Build configuration list for PBXProject "Slot Machine" */;
			compatibilityVersion = "Xcode 14.0";
			developmentRegion = en;
			hasScannedForEncodings = 0;
			knownRegions = (
				en,
				Base,
			);
			mainGroup = C506C09C2C595E1A00F6162B;
			productRefGroup = C506C0A62C595E1A00F6162B /* Products */;
			projectDirPath = "";
			projectRoot = "";
			targets = (
				C506C0A42C595E1A00F6162B /* Slot Machine */,
			);
		};
/* End PBXProject section */

/* Begin PBXResourcesBuildPhase section */
		C506C0A32C595E1A00F6162B /* Resources */ = {
			isa = PBXResourcesBuildPhase;
			buildActionMask = 2147483647;
			files = (
				C506C0C22C8799C500F6162B /* chimeup.mp3 in Resources */,
				C506C0BF2C8799C500F6162B /* riseup.mp3 in Resources */,
				C506C0C62C8799C500F6162B /* background-music.mp3 in Resources */,
				C506C0C12C8799C500F6162B /* spin.mp3 in Resources */,
				C506C0C42C8799C500F6162B /* win.mp3 in Resources */,
				C506C0C32C8799C500F6162B /* casino-chips.mp3 in Resources */,
				C506C0B12C595E1C00F6162B /* Preview Assets.xcassets in Resources */,
				C506C0C02C8799C500F6162B /* game-over.mp3 in Resources */,
				C506C0AD2C595E1C00F6162B /* Assets.xcassets in Resources */,
				C506C0C52C8799C500F6162B /* high-score.mp3 in Resources */,
			);
			runOnlyForDeploymentPostprocessing = 0;
		};
/* End PBXResourcesBuildPhase section */

/* Begin PBXSourcesBuildPhase section */
		C506C0A12C595E1A00F6162B /* Sources */ = {
			isa = PBXSourcesBuildPhase;
			buildActionMask = 2147483647;
			files = (
				C506C0AB2C595E1A00F6162B /* ContentView.swift in Sources */,
				C506C0A92C595E1A00F6162B /* Slot_MachineApp.swift in Sources */,
				C5180EB12C87A09E00DEBC08 /* HelperOne.swift in Sources */,
			);
			runOnlyForDeploymentPostprocessing = 0;
		};
/* End PBXSourcesBuildPhase section */

/* Begin XCBuildConfiguration section */
		C506C0B22C595E1C00F6162B /* Debug */ = {
			isa = XCBuildConfiguration;
			buildSettings = {
				ALWAYS_SEARCH_USER_PATHS = NO;
				ASSETCATALOG_COMPILER_GENERATE_SWIFT_ASSET_SYMBOL_EXTENSIONS = YES;
				CLANG_ANALYZER_NONNULL = YES;
				CLANG_ANALYZER_NUMBER_OBJECT_CONVERSION = YES_AGGRESSIVE;
				CLANG_CXX_LANGUAGE_STANDARD = "gnu++20";
				CLANG_ENABLE_MODULES = YES;
				CLANG_ENABLE_OBJC_ARC = YES;
				CLANG_ENABLE_OBJC_WEAK = YES;
				CLANG_WARN_BLOCK_CAPTURE_AUTORELEASING = YES;
				CLANG_WARN_BOOL_CONVERSION = YES;
				CLANG_WARN_COMMA = YES;
				CLANG_WARN_CONSTANT_CONVERSION = YES;
				CLANG_WARN_DEPRECATED_OBJC_IMPLEMENTATIONS = YES;
				CLANG_WARN_DIRECT_OBJC_ISA_USAGE = YES_ERROR;
				CLANG_WARN_DOCUMENTATION_COMMENTS = YES;
				CLANG_WARN_EMPTY_BODY = YES;
				CLANG_WARN_ENUM_CONVERSION = YES;
				CLANG_WARN_INFINITE_RECURSION = YES;
				CLANG_WARN_INT_CONVERSION = YES;
				CLANG_WARN_NON_LITERAL_NULL_CONVERSION = YES;
				CLANG_WARN_OBJC_IMPLICIT_RETAIN_SELF = YES;
				CLANG_WARN_OBJC_LITERAL_CONVERSION = YES;
				CLANG_WARN_OBJC_ROOT_CLASS = YES_ERROR;
				CLANG_WARN_QUOTED_INCLUDE_IN_FRAMEWORK_HEADER = YES;
				CLANG_WARN_RANGE_LOOP_ANALYSIS = YES;
				CLANG_WARN_STRICT_PROTOTYPES = YES;
				CLANG_WARN_SUSPICIOUS_MOVE = YES;
				CLANG_WARN_UNGUARDED_AVAILABILITY = YES_AGGRESSIVE;
				CLANG_WARN_UNREACHABLE_CODE = YES;
				CLANG_WARN__DUPLICATE_METHOD_MATCH = YES;
				COPY_PHASE_STRIP = NO;
				DEBUG_INFORMATION_FORMAT = dwarf;
				ENABLE_STRICT_OBJC_MSGSEND = YES;
				ENABLE_TESTABILITY = YES;
				ENABLE_USER_SCRIPT_SANDBOXING = YES;
				GCC_C_LANGUAGE_STANDARD = gnu17;
				GCC_DYNAMIC_NO_PIC = NO;
				GCC_NO_COMMON_BLOCKS = YES;
				GCC_OPTIMIZATION_LEVEL = 0;
				GCC_PREPROCESSOR_DEFINITIONS = (
					"DEBUG=1",
					"$(inherited)",
				);
				GCC_WARN_64_TO_32_BIT_CONVERSION = YES;
				GCC_WARN_ABOUT_RETURN_TYPE = YES_ERROR;
				GCC_WARN_UNDECLARED_SELECTOR = YES;
				GCC_WARN_UNINITIALIZED_AUTOS = YES_AGGRESSIVE;
				GCC_WARN_UNUSED_FUNCTION = YES;
				GCC_WARN_UNUSED_VARIABLE = YES;
				LOCALIZATION_PREFERS_STRING_CATALOGS = YES;
				MTL_ENABLE_DEBUG_INFO = INCLUDE_SOURCE;
				MTL_FAST_MATH = YES;
				ONLY_ACTIVE_ARCH = YES;
				SWIFT_ACTIVE_COMPILATION_CONDITIONS = "DEBUG $(inherited)";
				SWIFT_OPTIMIZATION_LEVEL = "-Onone";
			};
			name = Debug;
		};
		C506C0B32C595E1C00F6162B /* Release */ = {
			isa = XCBuildConfiguration;
			buildSettings = {
				ALWAYS_SEARCH_USER_PATHS = NO;
				ASSETCATALOG_COMPILER_GENERATE_SWIFT_ASSET_SYMBOL_EXTENSIONS = YES;
				CLANG_ANALYZER_NONNULL = YES;
				CLANG_ANALYZER_NUMBER_OBJECT_CONVERSION = YES_AGGRESSIVE;
				CLANG_CXX_LANGUAGE_STANDARD = "gnu++20";
				CLANG_ENABLE_MODULES = YES;
				CLANG_ENABLE_OBJC_ARC = YES;
				CLANG_ENABLE_OBJC_WEAK = YES;
				CLANG_WARN_BLOCK_CAPTURE_AUTORELEASING = YES;
				CLANG_WARN_BOOL_CONVERSION = YES;
				CLANG_WARN_COMMA = YES;
				CLANG_WARN_CONSTANT_CONVERSION = YES;
				CLANG_WARN_DEPRECATED_OBJC_IMPLEMENTATIONS = YES;
				CLANG_WARN_DIRECT_OBJC_ISA_USAGE = YES_ERROR;
				CLANG_WARN_DOCUMENTATION_COMMENTS = YES;
				CLANG_WARN_EMPTY_BODY = YES;
				CLANG_WARN_ENUM_CONVERSION = YES;
				CLANG_WARN_INFINITE_RECURSION = YES;
				CLANG_WARN_INT_CONVERSION = YES;
				CLANG_WARN_NON_LITERAL_NULL_CONVERSION = YES;
				CLANG_WARN_OBJC_IMPLICIT_RETAIN_SELF = YES;
				CLANG_WARN_OBJC_LITERAL_CONVERSION = YES;
				CLANG_WARN_OBJC_ROOT_CLASS = YES_ERROR;
				CLANG_WARN_QUOTED_INCLUDE_IN_FRAMEWORK_HEADER = YES;
				CLANG_WARN_RANGE_LOOP_ANALYSIS = YES;
				CLANG_WARN_STRICT_PROTOTYPES = YES;
				CLANG_WARN_SUSPICIOUS_MOVE = YES;
				CLANG_WARN_UNGUARDED_AVAILABILITY = YES_AGGRESSIVE;
				CLANG_WARN_UNREACHABLE_CODE = YES;
				CLANG_WARN__DUPLICATE_METHOD_MATCH = YES;
				COPY_PHASE_STRIP = NO;
				DEBUG_INFORMATION_FORMAT = "dwarf-with-dsym";
				ENABLE_NS_ASSERTIONS = NO;
				ENABLE_STRICT_OBJC_MSGSEND = YES;
				ENABLE_USER_SCRIPT_SANDBOXING = YES;
				GCC_C_LANGUAGE_STANDARD = gnu17;
				GCC_NO_COMMON_BLOCKS = YES;
				GCC_WARN_64_TO_32_BIT_CONVERSION = YES;
				GCC_WARN_ABOUT_RETURN_TYPE = YES_ERROR;
				GCC_WARN_UNDECLARED_SELECTOR = YES;
				GCC_WARN_UNINITIALIZED_AUTOS = YES_AGGRESSIVE;
				GCC_WARN_UNUSED_FUNCTION = YES;
				GCC_WARN_UNUSED_VARIABLE = YES;
				LOCALIZATION_PREFERS_STRING_CATALOGS = YES;
				MTL_ENABLE_DEBUG_INFO = NO;
				MTL_FAST_MATH = YES;
				SWIFT_COMPILATION_MODE = wholemodule;
			};
			name = Release;
		};
		C506C0B52C595E1C00F6162B /* Debug */ = {
			isa = XCBuildConfiguration;
			buildSettings = {
				ASSETCATALOG_COMPILER_APPICON_NAME = AppIcon;
				ASSETCATALOG_COMPILER_GLOBAL_ACCENT_COLOR_NAME = AccentColor;
				CODE_SIGN_ENTITLEMENTS = "Slot Machine/Slot_Machine.entitlements";
				CODE_SIGN_STYLE = Automatic;
				CURRENT_PROJECT_VERSION = 1;
				DEVELOPMENT_ASSET_PATHS = "\"Slot Machine/Preview Content\"";
				DEVELOPMENT_TEAM = 25M8T65BNY;
				ENABLE_HARDENED_RUNTIME = YES;
				ENABLE_PREVIEWS = YES;
				GENERATE_INFOPLIST_FILE = YES;
				INFOPLIST_FILE = "Slot-Machine-Info.plist";
				INFOPLIST_KEY_LSApplicationCategoryType = "";
				"INFOPLIST_KEY_UIApplicationSceneManifest_Generation[sdk=iphoneos*]" = YES;
				"INFOPLIST_KEY_UIApplicationSceneManifest_Generation[sdk=iphonesimulator*]" = YES;
				"INFOPLIST_KEY_UIApplicationSupportsIndirectInputEvents[sdk=iphoneos*]" = YES;
				"INFOPLIST_KEY_UIApplicationSupportsIndirectInputEvents[sdk=iphonesimulator*]" = YES;
				"INFOPLIST_KEY_UILaunchScreen_Generation[sdk=iphoneos*]" = YES;
				"INFOPLIST_KEY_UILaunchScreen_Generation[sdk=iphonesimulator*]" = YES;
				INFOPLIST_KEY_UILaunchStoryboardName = LaunchScreen;
				"INFOPLIST_KEY_UIStatusBarStyle[sdk=iphoneos*]" = UIStatusBarStyleDefault;
				"INFOPLIST_KEY_UIStatusBarStyle[sdk=iphonesimulator*]" = UIStatusBarStyleDefault;
				INFOPLIST_KEY_UISupportedInterfaceOrientations_iPad = "UIInterfaceOrientationPortrait UIInterfaceOrientationPortraitUpsideDown UIInterfaceOrientationLandscapeLeft UIInterfaceOrientationLandscapeRight";
				INFOPLIST_KEY_UISupportedInterfaceOrientations_iPhone = "UIInterfaceOrientationPortrait UIInterfaceOrientationLandscapeLeft UIInterfaceOrientationLandscapeRight";
				IPHONEOS_DEPLOYMENT_TARGET = 17.5;
				LD_RUNPATH_SEARCH_PATHS = "@executable_path/Frameworks";
				"LD_RUNPATH_SEARCH_PATHS[sdk=macosx*]" = "@executable_path/../Frameworks";
				MACOSX_DEPLOYMENT_TARGET = 14.5;
				MARKETING_VERSION = 1.0;
				PRODUCT_BUNDLE_IDENTIFIER = "com.kwesbot.Slot-Machine";
				PRODUCT_NAME = "$(TARGET_NAME)";
				SDKROOT = auto;
				SUPPORTED_PLATFORMS = "iphoneos iphonesimulator macosx";
				SWIFT_EMIT_LOC_STRINGS = YES;
				SWIFT_VERSION = 5.0;
				TARGETED_DEVICE_FAMILY = "1,2";
			};
			name = Debug;
		};
		C506C0B62C595E1C00F6162B /* Release */ = {
			isa = XCBuildConfiguration;
			buildSettings = {
				ASSETCATALOG_COMPILER_APPICON_NAME = AppIcon;
				ASSETCATALOG_COMPILER_GLOBAL_ACCENT_COLOR_NAME = AccentColor;
				CODE_SIGN_ENTITLEMENTS = "Slot Machine/Slot_Machine.entitlements";
				CODE_SIGN_STYLE = Automatic;
				CURRENT_PROJECT_VERSION = 1;
				DEVELOPMENT_ASSET_PATHS = "\"Slot Machine/Preview Content\"";
				DEVELOPMENT_TEAM = 25M8T65BNY;
				ENABLE_HARDENED_RUNTIME = YES;
				ENABLE_PREVIEWS = YES;
				GENERATE_INFOPLIST_FILE = YES;
				INFOPLIST_FILE = "Slot-Machine-Info.plist";
				INFOPLIST_KEY_LSApplicationCategoryType = "";
				"INFOPLIST_KEY_UIApplicationSceneManifest_Generation[sdk=iphoneos*]" = YES;
				"INFOPLIST_KEY_UIApplicationSceneManifest_Generation[sdk=iphonesimulator*]" = YES;
				"INFOPLIST_KEY_UIApplicationSupportsIndirectInputEvents[sdk=iphoneos*]" = YES;
				"INFOPLIST_KEY_UIApplicationSupportsIndirectInputEvents[sdk=iphonesimulator*]" = YES;
				"INFOPLIST_KEY_UILaunchScreen_Generation[sdk=iphoneos*]" = YES;
				"INFOPLIST_KEY_UILaunchScreen_Generation[sdk=iphonesimulator*]" = YES;
				INFOPLIST_KEY_UILaunchStoryboardName = LaunchScreen;
				"INFOPLIST_KEY_UIStatusBarStyle[sdk=iphoneos*]" = UIStatusBarStyleDefault;
				"INFOPLIST_KEY_UIStatusBarStyle[sdk=iphonesimulator*]" = UIStatusBarStyleDefault;
				INFOPLIST_KEY_UISupportedInterfaceOrientations_iPad = "UIInterfaceOrientationPortrait UIInterfaceOrientationPortraitUpsideDown UIInterfaceOrientationLandscapeLeft UIInterfaceOrientationLandscapeRight";
				INFOPLIST_KEY_UISupportedInterfaceOrientations_iPhone = "UIInterfaceOrientationPortrait UIInterfaceOrientationLandscapeLeft UIInterfaceOrientationLandscapeRight";
				IPHONEOS_DEPLOYMENT_TARGET = 17.5;
				LD_RUNPATH_SEARCH_PATHS = "@executable_path/Frameworks";
				"LD_RUNPATH_SEARCH_PATHS[sdk=macosx*]" = "@executable_path/../Frameworks";
				MACOSX_DEPLOYMENT_TARGET = 14.5;
				MARKETING_VERSION = 1.0;
				PRODUCT_BUNDLE_IDENTIFIER = "com.kwesbot.Slot-Machine";
				PRODUCT_NAME = "$(TARGET_NAME)";
				SDKROOT = auto;
				SUPPORTED_PLATFORMS = "iphoneos iphonesimulator macosx";
				SWIFT_EMIT_LOC_STRINGS = YES;
				SWIFT_VERSION = 5.0;
				TARGETED_DEVICE_FAMILY = "1,2";
			};
			name = Release;
		};
/* End XCBuildConfiguration section */

/* Begin XCConfigurationList section */
		C506C0A02C595E1A00F6162B /* Build configuration list for PBXProject "Slot Machine" */ = {
			isa = XCConfigurationList;
			buildConfigurations = (
				C506C0B22C595E1C00F6162B /* Debug */,
				C506C0B32C595E1C00F6162B /* Release */,
			);
			defaultConfigurationIsVisible = 0;
			defaultConfigurationName = Release;
		};
		C506C0B42C595E1C00F6162B /* Build configuration list for PBXNativeTarget "Slot Machine" */ = {
			isa = XCConfigurationList;
			buildConfigurations = (
				C506C0B52C595E1C00F6162B /* Debug */,
				C506C0B62C595E1C00F6162B /* Release */,
			);
			defaultConfigurationIsVisible = 0;
			defaultConfigurationName = Release;
		};
/* End XCConfigurationList section */
	};
	rootObject = C506C09D2C595E1A00F6162B /* Project object */;
}
